
Microsoft Visual Studio Solution File, Format Version 11.00
# Visual Studio 2010
Project("{FAE04EC0-301F-11D3-BF4B-00C04F79EFBC}") = "CL1_CMN_PRO_ASS", "CL1_CMN_PRO_ASS.csproj", "{44D6B644-78DC-4B93-9A4E-B1A0D6FE3188}"
EndProject
Global
	GlobalSection(SolutionConfigurationPlatforms) = preSolution
		Debug|Any CPU = Debug|Any CPU
		Release|Any CPU = Release|Any CPU
	EndGlobalSection
	GlobalSection(ProjectConfigurationPlatforms) = postSolution
		{44D6B644-78DC-4B93-9A4E-B1A0D6FE3188}.Debug|Any CPU.ActiveCfg = Debug|Any CPU
		{44D6B644-78DC-4B93-9A4E-B1A0D6FE3188}.Debug|Any CPU.Build.0 = Debug|Any CPU
		{44D6B644-78DC-4B93-9A4E-B1A0D6FE3188}.Release|Any CPU.ActiveCfg = Release|Any CPU
		{44D6B644-78DC-4B93-9A4E-B1A0D6FE3188}.Release|Any CPU.Build.0 = Release|Any CPU
	EndGlobalSection
	GlobalSection(SolutionProperties) = preSolution
		HideSolutionNode = FALSE
	EndGlobalSection
EndGlobal
