
Microsoft Visual Studio Solution File, Format Version 12.00
# Visual Studio 2013
VisualStudioVersion = 12.0.31101.0
MinimumVisualStudioVersion = 10.0.40219.1
Project("{FAE04EC0-301F-11D3-BF4B-00C04F79EFBC}") = "MMDocConnectDocApp", "MMDocConnectDocApp\MMDocConnectDocApp.csproj", "{402E1799-BEA1-45D5-9EB2-6F094C1D8700}"
EndProject
Project("{2150E333-8FDC-42A3-9474-1A3956D46DE8}") = "Libraries", "Libraries", "{8C7C7533-8230-4500-A4B8-C44A773E2DDE}"
EndProject
Project("{FAE04EC0-301F-11D3-BF4B-00C04F79EFBC}") = "MMDocConnectDocAppModels", "MMDocConnectDocAppModels\MMDocConnectDocAppModels.csproj", "{8B59789C-5FFA-4DB4-93F5-78F642642AEF}"
EndProject
Project("{FAE04EC0-301F-11D3-BF4B-00C04F79EFBC}") = "MMDocConnectDocAppInterfaces", "MMDocConnectDocAppInterfaces\MMDocConnectDocAppInterfaces.csproj", "{C4E41F89-5805-4441-B4A1-A56C92037A05}"
EndProject
Project("{FAE04EC0-301F-11D3-BF4B-00C04F79EFBC}") = "MMDocConnectDocAppServices", "MMDocConnectDocAppServices\MMDocConnectDocAppServices.csproj", "{977AA6B3-270E-4AF9-9397-5CE6BCE0C657}"
EndProject
Project("{2150E333-8FDC-42A3-9474-1A3956D46DE8}") = "InternalProjects", "InternalProjects", "{20423C28-65C4-474F-8AD3-F9BE6FCBC33B}"
EndProject
Project("{2150E333-8FDC-42A3-9474-1A3956D46DE8}") = "ExternalProjects", "ExternalProjects", "{59675DC4-6FBB-49ED-8E94-83AD0E426027}"
EndProject
Project("{2150E333-8FDC-42A3-9474-1A3956D46DE8}") = "ORMMethods", "ORMMethods", "{915CBE7A-B8A3-4532-9F53-16140DF9A1E1}"
EndProject
Project("{2150E333-8FDC-42A3-9474-1A3956D46DE8}") = "DanulabsSharedLibraries", "DanulabsSharedLibraries", "{1F7A29F4-4764-4D82-9D48-0A7E4FFDDB2A}"
EndProject
Project("{FAE04EC0-301F-11D3-BF4B-00C04F79EFBC}") = "MMDocConnectDBMethods", "..\..\mmdocconnect-core\MMDocConnectDBMethods\MMDocConnectDBMethods.csproj", "{0F2FDAC6-F460-4012-8A29-08C7E5CDABCD}"
EndProject
Project("{FAE04EC0-301F-11D3-BF4B-00C04F79EFBC}") = "MMDocConnectElasticSearchMethods", "..\..\mmdocconnect-core\MMDocConnectElasticSearchMethods\MMDocConnectElasticSearchMethods.csproj", "{E99E90BE-66E5-4412-B67C-EBFE6A5286AD}"
EndProject
Project("{FAE04EC0-301F-11D3-BF4B-00C04F79EFBC}") = "MMDocConnectUtils", "..\..\mmdocconnect-core\MMDocConnectUtils\MMDocConnectUtils.csproj", "{723F3602-7C25-4F63-813E-5731F820EF4B}"
EndProject
Project("{FAE04EC0-301F-11D3-BF4B-00C04F79EFBC}") = "CSV2Core_MySQL", "..\..\mm-libs\core\CSV2Core_MySQL\CSV2Core_MySQL.csproj", "{EEF71E87-FA3A-45CA-A001-EBF6CC97FF99}"
EndProject
Project("{FAE04EC0-301F-11D3-BF4B-00C04F79EFBC}") = "CSV2Core", "..\..\mm-libs\core\CSV2Core\CSV2Core.csproj", "{D33EBD03-020F-4E51-BB09-AB20535A6F72}"
EndProject
Project("{FAE04EC0-301F-11D3-BF4B-00C04F79EFBC}") = "DLCore_TokenVerificationV3", "..\..\mm-libs\dbaccess\Level 0\DLCore_TokenVerificationV3\DLCore_TokenVerificationV3.csproj", "{63A878AC-69FF-45F8-8194-F27D7DDEC716}"
EndProject
Project("{FAE04EC0-301F-11D3-BF4B-00C04F79EFBC}") = "DLCore_DBCommons", "..\..\mm-libs\dbaccess\Level 0\DLCore_DBCommons\DLCore_DBCommons.csproj", "{8A936290-4628-4F28-9639-9B65915A0C8C}"
EndProject
Project("{FAE04EC0-301F-11D3-BF4B-00C04F79EFBC}") = "CL1_USR", "..\..\mm-libs\dbaccess\Level 1\CL1_USR\CL1_USR.csproj", "{FEAB6F0E-56F1-43D4-BEF0-988B26474DD2}"
EndProject
Project("{FAE04EC0-301F-11D3-BF4B-00C04F79EFBC}") = "CL1_ACC_BNK", "..\..\mm-libs\dbaccess\Level 1\CL1_ACC_BNK\CL1_ACC_BNK.csproj", "{6C90052F-9EBC-48F7-806B-6D5430AECFBF}"
EndProject
Project("{FAE04EC0-301F-11D3-BF4B-00C04F79EFBC}") = "CL1_CMN", "..\..\mm-libs\dbaccess\Level 1\CL1_CMN\CL1_CMN.csproj", "{3C164500-BF5F-4173-B1A8-154A38372773}"
EndProject
Project("{FAE04EC0-301F-11D3-BF4B-00C04F79EFBC}") = "CL1_CMN_BPT", "..\..\mm-libs\dbaccess\Level 1\CL1_CMN_BPT\CL1_CMN_BPT.csproj", "{031C04C9-08CD-4833-AF41-A9B64D337CA6}"
EndProject
Project("{FAE04EC0-301F-11D3-BF4B-00C04F79EFBC}") = "CL1_CMN_BPT_CTM", "..\..\mm-libs\dbaccess\Level 1\CL1_CMN_BPT_CTM\CL1_CMN_BPT_CTM.csproj", "{C453F5A9-9877-4197-A5E3-403EF6A0455D}"
EndProject
Project("{FAE04EC0-301F-11D3-BF4B-00C04F79EFBC}") = "CL1_CMN_COM", "..\..\mm-libs\dbaccess\Level 1\CL1_CMN_COM\CL1_CMN_COM.csproj", "{63F92C99-99E4-48AC-8AC3-1627ED7831DF}"
EndProject
Project("{FAE04EC0-301F-11D3-BF4B-00C04F79EFBC}") = "CL1_HEC", "..\..\mm-libs\dbaccess\Level 1\CL1_HEC\CL1_HEC.csproj", "{768C60E8-0C7F-42B2-B8C9-D327C6BF334A}"
EndProject
Project("{FAE04EC0-301F-11D3-BF4B-00C04F79EFBC}") = "CL1_CMN_PER", "..\..\mm-libs\dbaccess\Level 1\CL1_CMN_PER\CL1_CMN_PER.csproj", "{6BDA1EB4-FA2A-41A1-8B83-171ED9B85ADD}"
EndProject
Project("{FAE04EC0-301F-11D3-BF4B-00C04F79EFBC}") = "CL1_HEC_CTR", "..\..\mm-libs\dbaccess\Level 1\CL1_HEC_CTR\CL1_HEC_CTR.csproj", "{DDB8AC6E-2BA5-45A3-9D78-BECDB89DD06C}"
EndProject
Project("{FAE04EC0-301F-11D3-BF4B-00C04F79EFBC}") = "CL1_HEC_CRT", "..\..\mm-libs\dbaccess\Level 1\CL1_HEC_CRT\CL1_HEC_CRT.csproj", "{433FAF4C-828D-40D3-9AC1-36B8D9167771}"
EndProject
Project("{FAE04EC0-301F-11D3-BF4B-00C04F79EFBC}") = "CL1_HEC_CAS", "..\..\mm-libs\dbaccess\Level 1\CL1_HEC_CAS\CL1_HEC_CAS.csproj", "{17E35F8F-6972-4EE9-8135-396798E493C8}"
EndProject
Project("{FAE04EC0-301F-11D3-BF4B-00C04F79EFBC}") = "CL1_HEC_ACT", "..\..\mm-libs\dbaccess\Level 1\CL1_HEC_ACT\CL1_HEC_ACT.csproj", "{F66B8F6F-EC2C-4867-9D07-D4E9850E8933}"
EndProject
Project("{FAE04EC0-301F-11D3-BF4B-00C04F79EFBC}") = "CL1_ORD_PRC", "..\..\mm-libs\dbaccess\Level 1\CL1_ORD_PRC\CL1_ORD_PRC.csproj", "{2ED9EC1F-4C36-4790-B8AE-6C03F4B40588}"
EndProject
Project("{FAE04EC0-301F-11D3-BF4B-00C04F79EFBC}") = "CL1_HEC_PRC", "..\..\mm-libs\dbaccess\Level 1\CL1_HEC_PRC\CL1_HEC_PRC.csproj", "{A5B4351C-89C5-438E-A57E-E048B40D3527}"
EndProject
Project("{FAE04EC0-301F-11D3-BF4B-00C04F79EFBC}") = "CL1_HEC_TRE", "..\..\mm-libs\dbaccess\Level 1\CL1_HEC_TRE\CL1_HEC_TRE.csproj", "{29A9C10C-A64E-4B75-925C-655BA00483CC}"
EndProject
Project("{FAE04EC0-301F-11D3-BF4B-00C04F79EFBC}") = "CL1_HEC_DIA", "..\..\mm-libs\dbaccess\Level 1\CL1_HEC_DIA\CL1_HEC_DIA.csproj", "{44B9C824-F3F7-4B95-9F59-87FDC93164DE}"
EndProject
Project("{FAE04EC0-301F-11D3-BF4B-00C04F79EFBC}") = "CL1_CMN_CTR", "..\..\mm-libs\dbaccess\Level 1\CL1_CMN_CTR\CL1_CMN_CTR.csproj", "{8327F3D8-91FD-4C90-B53D-4F34C8B58C93}"
EndProject
Project("{FAE04EC0-301F-11D3-BF4B-00C04F79EFBC}") = "CL1_BIL", "..\..\mm-libs\dbaccess\Level 1\CL1_BIL\CL1_BIL.csproj", "{D4F4B377-8C25-466F-B42F-315FC44A6D33}"
EndProject
Project("{FAE04EC0-301F-11D3-BF4B-00C04F79EFBC}") = "CL1_HEC_BIL", "..\..\mm-libs\dbaccess\Level 1\CL1_HEC_BIL\CL1_HEC_BIL.csproj", "{3FD2AC3A-F34E-433B-8A86-48FE54C51B00}"
EndProject
Project("{FAE04EC0-301F-11D3-BF4B-00C04F79EFBC}") = "CL1_CMN_PRO", "..\..\mm-libs\dbaccess\Level 1\CL1_CMN_PRO\CL1_CMN_PRO.csproj", "{06AB1C3C-339F-4E31-8408-232DC283308C}"
EndProject
Project("{FAE04EC0-301F-11D3-BF4B-00C04F79EFBC}") = "CL1_HEC_CTR_I2BC", "..\..\mm-libs\dbaccess\Level 1\CL1_HEC_CTR_I2BC\CL1_HEC_CTR_I2BC.csproj", "{66354857-55B0-4A60-A79A-4445FC50B874}"
EndProject
Project("{FAE04EC0-301F-11D3-BF4B-00C04F79EFBC}") = "CL1_DOC", "..\..\mm-libs\dbaccess\Level 1\CL1_DOC\CL1_DOC.csproj", "{08FEF49E-52A6-4C81-89EA-CB0679804159}"
EndProject
Project("{FAE04EC0-301F-11D3-BF4B-00C04F79EFBC}") = "Edifact API", "..\..\edifact-api\Edifact API\Edifact API.csproj", "{7C18D789-BCFE-40CC-818A-163C89370531}"
EndProject
Project("{FAE04EC0-301F-11D3-BF4B-00C04F79EFBC}") = "LogUtils", "..\..\mmdocconnect-core\MMDocConnectLogUtils\LogUtils\LogUtils.csproj", "{3B9F11BC-018F-4F4E-AC96-708A2B1F86FC}"
EndProject
Project("{FAE04EC0-301F-11D3-BF4B-00C04F79EFBC}") = "CL1_HEC_HIS", "..\..\mm-libs\dbaccess\Level 1\CL1_HEC_HIS\CL1_HEC_HIS.csproj", "{5FE027FB-A11C-44A2-9F60-0EC9ACFE4EBA}"
EndProject
Project("{FAE04EC0-301F-11D3-BF4B-00C04F79EFBC}") = "CL2_Language", "..\..\mm-libs\dbaccess\Level 2\CL2_Language\CL2_Language.csproj", "{58245A4D-887C-4AA1-B01E-7E6779C4F096}"
EndProject
Project("{FAE04EC0-301F-11D3-BF4B-00C04F79EFBC}") = "BOpSDK", "BOpSDK\BOpSDK.csproj", "{B5AA6031-A2A9-4642-ABF6-2290C8DEEDC6}"
EndProject
Project("{FAE04EC0-301F-11D3-BF4B-00C04F79EFBC}") = "SharedServiceUtils", "..\..\mmdocconnect-core\SharedServiceUtils\SharedServiceUtils.csproj", "{AB0EAAFB-D407-47D2-A9EC-E2DE565EA145}"
EndProject
Global
	GlobalSection(SolutionConfigurationPlatforms) = preSolution
		Andromeda|Any CPU = Andromeda|Any CPU
		AndromedaDtMobile|Any CPU = AndromedaDtMobile|Any CPU
		AndromedaDyMobile|Any CPU = AndromedaDyMobile|Any CPU
		DBACCESREFACTOR|Any CPU = DBACCESREFACTOR|Any CPU
		Debug|Any CPU = Debug|Any CPU
		Live|Any CPU = Live|Any CPU
		Local|Any CPU = Local|Any CPU
		LynxPocDoc|Any CPU = LynxPocDoc|Any CPU
		Release|Any CPU = Release|Any CPU
		Staging|Any CPU = Staging|Any CPU
		Staging-Deploy|Any CPU = Staging-Deploy|Any CPU
		Test mode|Any CPU = Test mode|Any CPU
	EndGlobalSection
	GlobalSection(ProjectConfigurationPlatforms) = postSolution
		{402E1799-BEA1-45D5-9EB2-6F094C1D8700}.Andromeda|Any CPU.ActiveCfg = Release|Any CPU
		{402E1799-BEA1-45D5-9EB2-6F094C1D8700}.Andromeda|Any CPU.Build.0 = Release|Any CPU
		{402E1799-BEA1-45D5-9EB2-6F094C1D8700}.AndromedaDtMobile|Any CPU.ActiveCfg = Debug|Any CPU
		{402E1799-BEA1-45D5-9EB2-6F094C1D8700}.AndromedaDtMobile|Any CPU.Build.0 = Debug|Any CPU
		{402E1799-BEA1-45D5-9EB2-6F094C1D8700}.AndromedaDyMobile|Any CPU.ActiveCfg = Debug|Any CPU
		{402E1799-BEA1-45D5-9EB2-6F094C1D8700}.AndromedaDyMobile|Any CPU.Build.0 = Debug|Any CPU
		{402E1799-BEA1-45D5-9EB2-6F094C1D8700}.DBACCESREFACTOR|Any CPU.ActiveCfg = Debug|Any CPU
		{402E1799-BEA1-45D5-9EB2-6F094C1D8700}.DBACCESREFACTOR|Any CPU.Build.0 = Debug|Any CPU
		{402E1799-BEA1-45D5-9EB2-6F094C1D8700}.Debug|Any CPU.ActiveCfg = Debug|Any CPU
		{402E1799-BEA1-45D5-9EB2-6F094C1D8700}.Debug|Any CPU.Build.0 = Debug|Any CPU
		{402E1799-BEA1-45D5-9EB2-6F094C1D8700}.Live|Any CPU.ActiveCfg = Release|Any CPU
		{402E1799-BEA1-45D5-9EB2-6F094C1D8700}.Live|Any CPU.Build.0 = Release|Any CPU
		{402E1799-BEA1-45D5-9EB2-6F094C1D8700}.Local|Any CPU.ActiveCfg = Debug|Any CPU
		{402E1799-BEA1-45D5-9EB2-6F094C1D8700}.Local|Any CPU.Build.0 = Debug|Any CPU
		{402E1799-BEA1-45D5-9EB2-6F094C1D8700}.LynxPocDoc|Any CPU.ActiveCfg = Debug|Any CPU
		{402E1799-BEA1-45D5-9EB2-6F094C1D8700}.LynxPocDoc|Any CPU.Build.0 = Debug|Any CPU
		{402E1799-BEA1-45D5-9EB2-6F094C1D8700}.Release|Any CPU.ActiveCfg = Release|Any CPU
		{402E1799-BEA1-45D5-9EB2-6F094C1D8700}.Release|Any CPU.Build.0 = Release|Any CPU
		{402E1799-BEA1-45D5-9EB2-6F094C1D8700}.Staging|Any CPU.ActiveCfg = Publish-Live|Any CPU
		{402E1799-BEA1-45D5-9EB2-6F094C1D8700}.Staging|Any CPU.Build.0 = Publish-Live|Any CPU
		{402E1799-BEA1-45D5-9EB2-6F094C1D8700}.Staging-Deploy|Any CPU.ActiveCfg = Deploy-Local-Healthcare|Any CPU
		{402E1799-BEA1-45D5-9EB2-6F094C1D8700}.Staging-Deploy|Any CPU.Build.0 = Deploy-Local-Healthcare|Any CPU
		{402E1799-BEA1-45D5-9EB2-6F094C1D8700}.Test mode|Any CPU.ActiveCfg = Release|Any CPU
		{402E1799-BEA1-45D5-9EB2-6F094C1D8700}.Test mode|Any CPU.Build.0 = Release|Any CPU
		{8B59789C-5FFA-4DB4-93F5-78F642642AEF}.Andromeda|Any CPU.ActiveCfg = Release|Any CPU
		{8B59789C-5FFA-4DB4-93F5-78F642642AEF}.Andromeda|Any CPU.Build.0 = Release|Any CPU
		{8B59789C-5FFA-4DB4-93F5-78F642642AEF}.AndromedaDtMobile|Any CPU.ActiveCfg = Debug|Any CPU
		{8B59789C-5FFA-4DB4-93F5-78F642642AEF}.AndromedaDtMobile|Any CPU.Build.0 = Debug|Any CPU
		{8B59789C-5FFA-4DB4-93F5-78F642642AEF}.AndromedaDyMobile|Any CPU.ActiveCfg = Debug|Any CPU
		{8B59789C-5FFA-4DB4-93F5-78F642642AEF}.AndromedaDyMobile|Any CPU.Build.0 = Debug|Any CPU
		{8B59789C-5FFA-4DB4-93F5-78F642642AEF}.DBACCESREFACTOR|Any CPU.ActiveCfg = Debug|Any CPU
		{8B59789C-5FFA-4DB4-93F5-78F642642AEF}.DBACCESREFACTOR|Any CPU.Build.0 = Debug|Any CPU
		{8B59789C-5FFA-4DB4-93F5-78F642642AEF}.Debug|Any CPU.ActiveCfg = Debug|Any CPU
		{8B59789C-5FFA-4DB4-93F5-78F642642AEF}.Debug|Any CPU.Build.0 = Debug|Any CPU
		{8B59789C-5FFA-4DB4-93F5-78F642642AEF}.Live|Any CPU.ActiveCfg = Release|Any CPU
		{8B59789C-5FFA-4DB4-93F5-78F642642AEF}.Live|Any CPU.Build.0 = Release|Any CPU
		{8B59789C-5FFA-4DB4-93F5-78F642642AEF}.Local|Any CPU.ActiveCfg = Debug|Any CPU
		{8B59789C-5FFA-4DB4-93F5-78F642642AEF}.Local|Any CPU.Build.0 = Debug|Any CPU
		{8B59789C-5FFA-4DB4-93F5-78F642642AEF}.LynxPocDoc|Any CPU.ActiveCfg = Debug|Any CPU
		{8B59789C-5FFA-4DB4-93F5-78F642642AEF}.LynxPocDoc|Any CPU.Build.0 = Debug|Any CPU
		{8B59789C-5FFA-4DB4-93F5-78F642642AEF}.Release|Any CPU.ActiveCfg = Release|Any CPU
		{8B59789C-5FFA-4DB4-93F5-78F642642AEF}.Release|Any CPU.Build.0 = Release|Any CPU
		{8B59789C-5FFA-4DB4-93F5-78F642642AEF}.Staging|Any CPU.ActiveCfg = Publish-Live|Any CPU
		{8B59789C-5FFA-4DB4-93F5-78F642642AEF}.Staging|Any CPU.Build.0 = Publish-Live|Any CPU
		{8B59789C-5FFA-4DB4-93F5-78F642642AEF}.Staging-Deploy|Any CPU.ActiveCfg = Deploy-Local-Healthcare|Any CPU
		{8B59789C-5FFA-4DB4-93F5-78F642642AEF}.Staging-Deploy|Any CPU.Build.0 = Deploy-Local-Healthcare|Any CPU
		{8B59789C-5FFA-4DB4-93F5-78F642642AEF}.Test mode|Any CPU.ActiveCfg = Release|Any CPU
		{8B59789C-5FFA-4DB4-93F5-78F642642AEF}.Test mode|Any CPU.Build.0 = Release|Any CPU
		{C4E41F89-5805-4441-B4A1-A56C92037A05}.Andromeda|Any CPU.ActiveCfg = Release|Any CPU
		{C4E41F89-5805-4441-B4A1-A56C92037A05}.Andromeda|Any CPU.Build.0 = Release|Any CPU
		{C4E41F89-5805-4441-B4A1-A56C92037A05}.AndromedaDtMobile|Any CPU.ActiveCfg = Debug|Any CPU
		{C4E41F89-5805-4441-B4A1-A56C92037A05}.AndromedaDtMobile|Any CPU.Build.0 = Debug|Any CPU
		{C4E41F89-5805-4441-B4A1-A56C92037A05}.AndromedaDyMobile|Any CPU.ActiveCfg = Debug|Any CPU
		{C4E41F89-5805-4441-B4A1-A56C92037A05}.AndromedaDyMobile|Any CPU.Build.0 = Debug|Any CPU
		{C4E41F89-5805-4441-B4A1-A56C92037A05}.DBACCESREFACTOR|Any CPU.ActiveCfg = Debug|Any CPU
		{C4E41F89-5805-4441-B4A1-A56C92037A05}.DBACCESREFACTOR|Any CPU.Build.0 = Debug|Any CPU
		{C4E41F89-5805-4441-B4A1-A56C92037A05}.Debug|Any CPU.ActiveCfg = Debug|Any CPU
		{C4E41F89-5805-4441-B4A1-A56C92037A05}.Debug|Any CPU.Build.0 = Debug|Any CPU
		{C4E41F89-5805-4441-B4A1-A56C92037A05}.Live|Any CPU.ActiveCfg = Release|Any CPU
		{C4E41F89-5805-4441-B4A1-A56C92037A05}.Live|Any CPU.Build.0 = Release|Any CPU
		{C4E41F89-5805-4441-B4A1-A56C92037A05}.Local|Any CPU.ActiveCfg = Debug|Any CPU
		{C4E41F89-5805-4441-B4A1-A56C92037A05}.Local|Any CPU.Build.0 = Debug|Any CPU
		{C4E41F89-5805-4441-B4A1-A56C92037A05}.LynxPocDoc|Any CPU.ActiveCfg = Debug|Any CPU
		{C4E41F89-5805-4441-B4A1-A56C92037A05}.LynxPocDoc|Any CPU.Build.0 = Debug|Any CPU
		{C4E41F89-5805-4441-B4A1-A56C92037A05}.Release|Any CPU.ActiveCfg = Release|Any CPU
		{C4E41F89-5805-4441-B4A1-A56C92037A05}.Release|Any CPU.Build.0 = Release|Any CPU
		{C4E41F89-5805-4441-B4A1-A56C92037A05}.Staging|Any CPU.ActiveCfg = Publish-Live|Any CPU
		{C4E41F89-5805-4441-B4A1-A56C92037A05}.Staging|Any CPU.Build.0 = Publish-Live|Any CPU
		{C4E41F89-5805-4441-B4A1-A56C92037A05}.Staging-Deploy|Any CPU.ActiveCfg = Deploy-Local-Healthcare|Any CPU
		{C4E41F89-5805-4441-B4A1-A56C92037A05}.Staging-Deploy|Any CPU.Build.0 = Deploy-Local-Healthcare|Any CPU
		{C4E41F89-5805-4441-B4A1-A56C92037A05}.Test mode|Any CPU.ActiveCfg = Release|Any CPU
		{C4E41F89-5805-4441-B4A1-A56C92037A05}.Test mode|Any CPU.Build.0 = Release|Any CPU
		{977AA6B3-270E-4AF9-9397-5CE6BCE0C657}.Andromeda|Any CPU.ActiveCfg = Release|Any CPU
		{977AA6B3-270E-4AF9-9397-5CE6BCE0C657}.Andromeda|Any CPU.Build.0 = Release|Any CPU
		{977AA6B3-270E-4AF9-9397-5CE6BCE0C657}.AndromedaDtMobile|Any CPU.ActiveCfg = Debug|Any CPU
		{977AA6B3-270E-4AF9-9397-5CE6BCE0C657}.AndromedaDtMobile|Any CPU.Build.0 = Debug|Any CPU
		{977AA6B3-270E-4AF9-9397-5CE6BCE0C657}.AndromedaDyMobile|Any CPU.ActiveCfg = Debug|Any CPU
		{977AA6B3-270E-4AF9-9397-5CE6BCE0C657}.AndromedaDyMobile|Any CPU.Build.0 = Debug|Any CPU
		{977AA6B3-270E-4AF9-9397-5CE6BCE0C657}.DBACCESREFACTOR|Any CPU.ActiveCfg = Debug|Any CPU
		{977AA6B3-270E-4AF9-9397-5CE6BCE0C657}.DBACCESREFACTOR|Any CPU.Build.0 = Debug|Any CPU
		{977AA6B3-270E-4AF9-9397-5CE6BCE0C657}.Debug|Any CPU.ActiveCfg = Debug|Any CPU
		{977AA6B3-270E-4AF9-9397-5CE6BCE0C657}.Debug|Any CPU.Build.0 = Debug|Any CPU
		{977AA6B3-270E-4AF9-9397-5CE6BCE0C657}.Live|Any CPU.ActiveCfg = Release|Any CPU
		{977AA6B3-270E-4AF9-9397-5CE6BCE0C657}.Live|Any CPU.Build.0 = Release|Any CPU
		{977AA6B3-270E-4AF9-9397-5CE6BCE0C657}.Local|Any CPU.ActiveCfg = Debug|Any CPU
		{977AA6B3-270E-4AF9-9397-5CE6BCE0C657}.Local|Any CPU.Build.0 = Debug|Any CPU
		{977AA6B3-270E-4AF9-9397-5CE6BCE0C657}.LynxPocDoc|Any CPU.ActiveCfg = Debug|Any CPU
		{977AA6B3-270E-4AF9-9397-5CE6BCE0C657}.LynxPocDoc|Any CPU.Build.0 = Debug|Any CPU
		{977AA6B3-270E-4AF9-9397-5CE6BCE0C657}.Release|Any CPU.ActiveCfg = Release|Any CPU
		{977AA6B3-270E-4AF9-9397-5CE6BCE0C657}.Release|Any CPU.Build.0 = Release|Any CPU
		{977AA6B3-270E-4AF9-9397-5CE6BCE0C657}.Staging|Any CPU.ActiveCfg = Publish-Live|Any CPU
		{977AA6B3-270E-4AF9-9397-5CE6BCE0C657}.Staging|Any CPU.Build.0 = Publish-Live|Any CPU
		{977AA6B3-270E-4AF9-9397-5CE6BCE0C657}.Staging-Deploy|Any CPU.ActiveCfg = Deploy-Local-Healthcare|Any CPU
		{977AA6B3-270E-4AF9-9397-5CE6BCE0C657}.Staging-Deploy|Any CPU.Build.0 = Deploy-Local-Healthcare|Any CPU
		{977AA6B3-270E-4AF9-9397-5CE6BCE0C657}.Test mode|Any CPU.ActiveCfg = Release|Any CPU
		{977AA6B3-270E-4AF9-9397-5CE6BCE0C657}.Test mode|Any CPU.Build.0 = Release|Any CPU
		{0F2FDAC6-F460-4012-8A29-08C7E5CDABCD}.Andromeda|Any CPU.ActiveCfg = Release|Any CPU
		{0F2FDAC6-F460-4012-8A29-08C7E5CDABCD}.Andromeda|Any CPU.Build.0 = Release|Any CPU
		{0F2FDAC6-F460-4012-8A29-08C7E5CDABCD}.AndromedaDtMobile|Any CPU.ActiveCfg = Debug|Any CPU
		{0F2FDAC6-F460-4012-8A29-08C7E5CDABCD}.AndromedaDtMobile|Any CPU.Build.0 = Debug|Any CPU
		{0F2FDAC6-F460-4012-8A29-08C7E5CDABCD}.AndromedaDyMobile|Any CPU.ActiveCfg = Debug|Any CPU
		{0F2FDAC6-F460-4012-8A29-08C7E5CDABCD}.AndromedaDyMobile|Any CPU.Build.0 = Debug|Any CPU
		{0F2FDAC6-F460-4012-8A29-08C7E5CDABCD}.DBACCESREFACTOR|Any CPU.ActiveCfg = Debug|Any CPU
		{0F2FDAC6-F460-4012-8A29-08C7E5CDABCD}.DBACCESREFACTOR|Any CPU.Build.0 = Debug|Any CPU
		{0F2FDAC6-F460-4012-8A29-08C7E5CDABCD}.Debug|Any CPU.ActiveCfg = Debug|Any CPU
		{0F2FDAC6-F460-4012-8A29-08C7E5CDABCD}.Debug|Any CPU.Build.0 = Debug|Any CPU
		{0F2FDAC6-F460-4012-8A29-08C7E5CDABCD}.Live|Any CPU.ActiveCfg = Release|Any CPU
		{0F2FDAC6-F460-4012-8A29-08C7E5CDABCD}.Live|Any CPU.Build.0 = Release|Any CPU
		{0F2FDAC6-F460-4012-8A29-08C7E5CDABCD}.Local|Any CPU.ActiveCfg = Debug|Any CPU
		{0F2FDAC6-F460-4012-8A29-08C7E5CDABCD}.Local|Any CPU.Build.0 = Debug|Any CPU
		{0F2FDAC6-F460-4012-8A29-08C7E5CDABCD}.LynxPocDoc|Any CPU.ActiveCfg = Debug|Any CPU
		{0F2FDAC6-F460-4012-8A29-08C7E5CDABCD}.LynxPocDoc|Any CPU.Build.0 = Debug|Any CPU
		{0F2FDAC6-F460-4012-8A29-08C7E5CDABCD}.Release|Any CPU.ActiveCfg = Release|Any CPU
		{0F2FDAC6-F460-4012-8A29-08C7E5CDABCD}.Release|Any CPU.Build.0 = Release|Any CPU
		{0F2FDAC6-F460-4012-8A29-08C7E5CDABCD}.Staging|Any CPU.ActiveCfg = Publish-Live|Any CPU
		{0F2FDAC6-F460-4012-8A29-08C7E5CDABCD}.Staging|Any CPU.Build.0 = Publish-Live|Any CPU
		{0F2FDAC6-F460-4012-8A29-08C7E5CDABCD}.Staging-Deploy|Any CPU.ActiveCfg = Deploy-Local-Healthcare|Any CPU
		{0F2FDAC6-F460-4012-8A29-08C7E5CDABCD}.Staging-Deploy|Any CPU.Build.0 = Deploy-Local-Healthcare|Any CPU
		{0F2FDAC6-F460-4012-8A29-08C7E5CDABCD}.Test mode|Any CPU.ActiveCfg = Release|Any CPU
		{0F2FDAC6-F460-4012-8A29-08C7E5CDABCD}.Test mode|Any CPU.Build.0 = Release|Any CPU
		{E99E90BE-66E5-4412-B67C-EBFE6A5286AD}.Andromeda|Any CPU.ActiveCfg = Release|Any CPU
		{E99E90BE-66E5-4412-B67C-EBFE6A5286AD}.Andromeda|Any CPU.Build.0 = Release|Any CPU
		{E99E90BE-66E5-4412-B67C-EBFE6A5286AD}.AndromedaDtMobile|Any CPU.ActiveCfg = Debug|Any CPU
		{E99E90BE-66E5-4412-B67C-EBFE6A5286AD}.AndromedaDtMobile|Any CPU.Build.0 = Debug|Any CPU
		{E99E90BE-66E5-4412-B67C-EBFE6A5286AD}.AndromedaDyMobile|Any CPU.ActiveCfg = Debug|Any CPU
		{E99E90BE-66E5-4412-B67C-EBFE6A5286AD}.AndromedaDyMobile|Any CPU.Build.0 = Debug|Any CPU
		{E99E90BE-66E5-4412-B67C-EBFE6A5286AD}.DBACCESREFACTOR|Any CPU.ActiveCfg = Debug|Any CPU
		{E99E90BE-66E5-4412-B67C-EBFE6A5286AD}.DBACCESREFACTOR|Any CPU.Build.0 = Debug|Any CPU
		{E99E90BE-66E5-4412-B67C-EBFE6A5286AD}.Debug|Any CPU.ActiveCfg = Debug|Any CPU
		{E99E90BE-66E5-4412-B67C-EBFE6A5286AD}.Debug|Any CPU.Build.0 = Debug|Any CPU
		{E99E90BE-66E5-4412-B67C-EBFE6A5286AD}.Live|Any CPU.ActiveCfg = Release|Any CPU
		{E99E90BE-66E5-4412-B67C-EBFE6A5286AD}.Live|Any CPU.Build.0 = Release|Any CPU
		{E99E90BE-66E5-4412-B67C-EBFE6A5286AD}.Local|Any CPU.ActiveCfg = Debug|Any CPU
		{E99E90BE-66E5-4412-B67C-EBFE6A5286AD}.Local|Any CPU.Build.0 = Debug|Any CPU
		{E99E90BE-66E5-4412-B67C-EBFE6A5286AD}.LynxPocDoc|Any CPU.ActiveCfg = Debug|Any CPU
		{E99E90BE-66E5-4412-B67C-EBFE6A5286AD}.LynxPocDoc|Any CPU.Build.0 = Debug|Any CPU
		{E99E90BE-66E5-4412-B67C-EBFE6A5286AD}.Release|Any CPU.ActiveCfg = Release|Any CPU
		{E99E90BE-66E5-4412-B67C-EBFE6A5286AD}.Release|Any CPU.Build.0 = Release|Any CPU
		{E99E90BE-66E5-4412-B67C-EBFE6A5286AD}.Staging|Any CPU.ActiveCfg = Publish-Live|Any CPU
		{E99E90BE-66E5-4412-B67C-EBFE6A5286AD}.Staging|Any CPU.Build.0 = Publish-Live|Any CPU
		{E99E90BE-66E5-4412-B67C-EBFE6A5286AD}.Staging-Deploy|Any CPU.ActiveCfg = Deploy-Local-Healthcare|Any CPU
		{E99E90BE-66E5-4412-B67C-EBFE6A5286AD}.Staging-Deploy|Any CPU.Build.0 = Deploy-Local-Healthcare|Any CPU
		{E99E90BE-66E5-4412-B67C-EBFE6A5286AD}.Test mode|Any CPU.ActiveCfg = Release|Any CPU
		{E99E90BE-66E5-4412-B67C-EBFE6A5286AD}.Test mode|Any CPU.Build.0 = Release|Any CPU
		{723F3602-7C25-4F63-813E-5731F820EF4B}.Andromeda|Any CPU.ActiveCfg = Release|Any CPU
		{723F3602-7C25-4F63-813E-5731F820EF4B}.Andromeda|Any CPU.Build.0 = Release|Any CPU
		{723F3602-7C25-4F63-813E-5731F820EF4B}.AndromedaDtMobile|Any CPU.ActiveCfg = Debug|Any CPU
		{723F3602-7C25-4F63-813E-5731F820EF4B}.AndromedaDtMobile|Any CPU.Build.0 = Debug|Any CPU
		{723F3602-7C25-4F63-813E-5731F820EF4B}.AndromedaDyMobile|Any CPU.ActiveCfg = Debug|Any CPU
		{723F3602-7C25-4F63-813E-5731F820EF4B}.AndromedaDyMobile|Any CPU.Build.0 = Debug|Any CPU
		{723F3602-7C25-4F63-813E-5731F820EF4B}.DBACCESREFACTOR|Any CPU.ActiveCfg = Debug|Any CPU
		{723F3602-7C25-4F63-813E-5731F820EF4B}.DBACCESREFACTOR|Any CPU.Build.0 = Debug|Any CPU
		{723F3602-7C25-4F63-813E-5731F820EF4B}.Debug|Any CPU.ActiveCfg = Debug|Any CPU
		{723F3602-7C25-4F63-813E-5731F820EF4B}.Debug|Any CPU.Build.0 = Debug|Any CPU
		{723F3602-7C25-4F63-813E-5731F820EF4B}.Live|Any CPU.ActiveCfg = Release|Any CPU
		{723F3602-7C25-4F63-813E-5731F820EF4B}.Live|Any CPU.Build.0 = Release|Any CPU
		{723F3602-7C25-4F63-813E-5731F820EF4B}.Local|Any CPU.ActiveCfg = Debug|Any CPU
		{723F3602-7C25-4F63-813E-5731F820EF4B}.Local|Any CPU.Build.0 = Debug|Any CPU
		{723F3602-7C25-4F63-813E-5731F820EF4B}.LynxPocDoc|Any CPU.ActiveCfg = Debug|Any CPU
		{723F3602-7C25-4F63-813E-5731F820EF4B}.LynxPocDoc|Any CPU.Build.0 = Debug|Any CPU
		{723F3602-7C25-4F63-813E-5731F820EF4B}.Release|Any CPU.ActiveCfg = Release|Any CPU
		{723F3602-7C25-4F63-813E-5731F820EF4B}.Release|Any CPU.Build.0 = Release|Any CPU
		{723F3602-7C25-4F63-813E-5731F820EF4B}.Staging|Any CPU.ActiveCfg = Publish-Live|Any CPU
		{723F3602-7C25-4F63-813E-5731F820EF4B}.Staging|Any CPU.Build.0 = Publish-Live|Any CPU
		{723F3602-7C25-4F63-813E-5731F820EF4B}.Staging-Deploy|Any CPU.ActiveCfg = Deploy-Local-Healthcare|Any CPU
		{723F3602-7C25-4F63-813E-5731F820EF4B}.Staging-Deploy|Any CPU.Build.0 = Deploy-Local-Healthcare|Any CPU
		{723F3602-7C25-4F63-813E-5731F820EF4B}.Test mode|Any CPU.ActiveCfg = Release|Any CPU
		{723F3602-7C25-4F63-813E-5731F820EF4B}.Test mode|Any CPU.Build.0 = Release|Any CPU
		{EEF71E87-FA3A-45CA-A001-EBF6CC97FF99}.Andromeda|Any CPU.ActiveCfg = Andromeda|Any CPU
		{EEF71E87-FA3A-45CA-A001-EBF6CC97FF99}.Andromeda|Any CPU.Build.0 = Andromeda|Any CPU
		{EEF71E87-FA3A-45CA-A001-EBF6CC97FF99}.AndromedaDtMobile|Any CPU.ActiveCfg = Andromeda|Any CPU
		{EEF71E87-FA3A-45CA-A001-EBF6CC97FF99}.AndromedaDtMobile|Any CPU.Build.0 = Andromeda|Any CPU
		{EEF71E87-FA3A-45CA-A001-EBF6CC97FF99}.AndromedaDyMobile|Any CPU.ActiveCfg = Andromeda|Any CPU
		{EEF71E87-FA3A-45CA-A001-EBF6CC97FF99}.AndromedaDyMobile|Any CPU.Build.0 = Andromeda|Any CPU
		{EEF71E87-FA3A-45CA-A001-EBF6CC97FF99}.DBACCESREFACTOR|Any CPU.ActiveCfg = Debug|Any CPU
		{EEF71E87-FA3A-45CA-A001-EBF6CC97FF99}.DBACCESREFACTOR|Any CPU.Build.0 = Debug|Any CPU
		{EEF71E87-FA3A-45CA-A001-EBF6CC97FF99}.Debug|Any CPU.ActiveCfg = Debug|Any CPU
		{EEF71E87-FA3A-45CA-A001-EBF6CC97FF99}.Debug|Any CPU.Build.0 = Debug|Any CPU
		{EEF71E87-FA3A-45CA-A001-EBF6CC97FF99}.Live|Any CPU.ActiveCfg = Live|Any CPU
		{EEF71E87-FA3A-45CA-A001-EBF6CC97FF99}.Live|Any CPU.Build.0 = Live|Any CPU
		{EEF71E87-FA3A-45CA-A001-EBF6CC97FF99}.Local|Any CPU.ActiveCfg = Live|Any CPU
		{EEF71E87-FA3A-45CA-A001-EBF6CC97FF99}.Local|Any CPU.Build.0 = Live|Any CPU
		{EEF71E87-FA3A-45CA-A001-EBF6CC97FF99}.LynxPocDoc|Any CPU.ActiveCfg = Live|Any CPU
		{EEF71E87-FA3A-45CA-A001-EBF6CC97FF99}.LynxPocDoc|Any CPU.Build.0 = Live|Any CPU
		{EEF71E87-FA3A-45CA-A001-EBF6CC97FF99}.Release|Any CPU.ActiveCfg = Release|Any CPU
		{EEF71E87-FA3A-45CA-A001-EBF6CC97FF99}.Release|Any CPU.Build.0 = Release|Any CPU
		{EEF71E87-FA3A-45CA-A001-EBF6CC97FF99}.Staging|Any CPU.ActiveCfg = Test mode|Any CPU
		{EEF71E87-FA3A-45CA-A001-EBF6CC97FF99}.Staging|Any CPU.Build.0 = Test mode|Any CPU
		{EEF71E87-FA3A-45CA-A001-EBF6CC97FF99}.Staging-Deploy|Any CPU.ActiveCfg = Test mode|Any CPU
		{EEF71E87-FA3A-45CA-A001-EBF6CC97FF99}.Staging-Deploy|Any CPU.Build.0 = Test mode|Any CPU
		{EEF71E87-FA3A-45CA-A001-EBF6CC97FF99}.Test mode|Any CPU.ActiveCfg = Test mode|Any CPU
		{EEF71E87-FA3A-45CA-A001-EBF6CC97FF99}.Test mode|Any CPU.Build.0 = Test mode|Any CPU
		{D33EBD03-020F-4E51-BB09-AB20535A6F72}.Andromeda|Any CPU.ActiveCfg = Andromeda|Any CPU
		{D33EBD03-020F-4E51-BB09-AB20535A6F72}.Andromeda|Any CPU.Build.0 = Andromeda|Any CPU
		{D33EBD03-020F-4E51-BB09-AB20535A6F72}.AndromedaDtMobile|Any CPU.ActiveCfg = Andromeda|Any CPU
		{D33EBD03-020F-4E51-BB09-AB20535A6F72}.AndromedaDtMobile|Any CPU.Build.0 = Andromeda|Any CPU
		{D33EBD03-020F-4E51-BB09-AB20535A6F72}.AndromedaDyMobile|Any CPU.ActiveCfg = Andromeda|Any CPU
		{D33EBD03-020F-4E51-BB09-AB20535A6F72}.AndromedaDyMobile|Any CPU.Build.0 = Andromeda|Any CPU
		{D33EBD03-020F-4E51-BB09-AB20535A6F72}.DBACCESREFACTOR|Any CPU.ActiveCfg = Debug|Any CPU
		{D33EBD03-020F-4E51-BB09-AB20535A6F72}.DBACCESREFACTOR|Any CPU.Build.0 = Debug|Any CPU
		{D33EBD03-020F-4E51-BB09-AB20535A6F72}.Debug|Any CPU.ActiveCfg = Debug|Any CPU
		{D33EBD03-020F-4E51-BB09-AB20535A6F72}.Debug|Any CPU.Build.0 = Debug|Any CPU
		{D33EBD03-020F-4E51-BB09-AB20535A6F72}.Live|Any CPU.ActiveCfg = Live|Any CPU
		{D33EBD03-020F-4E51-BB09-AB20535A6F72}.Live|Any CPU.Build.0 = Live|Any CPU
		{D33EBD03-020F-4E51-BB09-AB20535A6F72}.Local|Any CPU.ActiveCfg = Live|Any CPU
		{D33EBD03-020F-4E51-BB09-AB20535A6F72}.Local|Any CPU.Build.0 = Live|Any CPU
		{D33EBD03-020F-4E51-BB09-AB20535A6F72}.LynxPocDoc|Any CPU.ActiveCfg = Live|Any CPU
		{D33EBD03-020F-4E51-BB09-AB20535A6F72}.LynxPocDoc|Any CPU.Build.0 = Live|Any CPU
		{D33EBD03-020F-4E51-BB09-AB20535A6F72}.Release|Any CPU.ActiveCfg = Release|Any CPU
		{D33EBD03-020F-4E51-BB09-AB20535A6F72}.Release|Any CPU.Build.0 = Release|Any CPU
		{D33EBD03-020F-4E51-BB09-AB20535A6F72}.Staging|Any CPU.ActiveCfg = Test mode|Any CPU
		{D33EBD03-020F-4E51-BB09-AB20535A6F72}.Staging|Any CPU.Build.0 = Test mode|Any CPU
		{D33EBD03-020F-4E51-BB09-AB20535A6F72}.Staging-Deploy|Any CPU.ActiveCfg = Test mode|Any CPU
		{D33EBD03-020F-4E51-BB09-AB20535A6F72}.Staging-Deploy|Any CPU.Build.0 = Test mode|Any CPU
		{D33EBD03-020F-4E51-BB09-AB20535A6F72}.Test mode|Any CPU.ActiveCfg = Test mode|Any CPU
		{D33EBD03-020F-4E51-BB09-AB20535A6F72}.Test mode|Any CPU.Build.0 = Test mode|Any CPU
		{63A878AC-69FF-45F8-8194-F27D7DDEC716}.Andromeda|Any CPU.ActiveCfg = AndromedaDyMobile|Any CPU
		{63A878AC-69FF-45F8-8194-F27D7DDEC716}.Andromeda|Any CPU.Build.0 = AndromedaDyMobile|Any CPU
		{63A878AC-69FF-45F8-8194-F27D7DDEC716}.AndromedaDtMobile|Any CPU.ActiveCfg = AndromedaDtMobile|Any CPU
		{63A878AC-69FF-45F8-8194-F27D7DDEC716}.AndromedaDtMobile|Any CPU.Build.0 = AndromedaDtMobile|Any CPU
		{63A878AC-69FF-45F8-8194-F27D7DDEC716}.AndromedaDyMobile|Any CPU.ActiveCfg = AndromedaDyMobile|Any CPU
		{63A878AC-69FF-45F8-8194-F27D7DDEC716}.AndromedaDyMobile|Any CPU.Build.0 = AndromedaDyMobile|Any CPU
		{63A878AC-69FF-45F8-8194-F27D7DDEC716}.DBACCESREFACTOR|Any CPU.ActiveCfg = DBACCESREFACTOR|Any CPU
		{63A878AC-69FF-45F8-8194-F27D7DDEC716}.DBACCESREFACTOR|Any CPU.Build.0 = DBACCESREFACTOR|Any CPU
		{63A878AC-69FF-45F8-8194-F27D7DDEC716}.Debug|Any CPU.ActiveCfg = Debug|Any CPU
		{63A878AC-69FF-45F8-8194-F27D7DDEC716}.Debug|Any CPU.Build.0 = Debug|Any CPU
		{63A878AC-69FF-45F8-8194-F27D7DDEC716}.Live|Any CPU.ActiveCfg = Local|Any CPU
		{63A878AC-69FF-45F8-8194-F27D7DDEC716}.Live|Any CPU.Build.0 = Local|Any CPU
		{63A878AC-69FF-45F8-8194-F27D7DDEC716}.Local|Any CPU.ActiveCfg = Local|Any CPU
		{63A878AC-69FF-45F8-8194-F27D7DDEC716}.Local|Any CPU.Build.0 = Local|Any CPU
		{63A878AC-69FF-45F8-8194-F27D7DDEC716}.LynxPocDoc|Any CPU.ActiveCfg = Local|Any CPU
		{63A878AC-69FF-45F8-8194-F27D7DDEC716}.LynxPocDoc|Any CPU.Build.0 = Local|Any CPU
		{63A878AC-69FF-45F8-8194-F27D7DDEC716}.Release|Any CPU.ActiveCfg = Release|Any CPU
		{63A878AC-69FF-45F8-8194-F27D7DDEC716}.Release|Any CPU.Build.0 = Release|Any CPU
		{63A878AC-69FF-45F8-8194-F27D7DDEC716}.Staging|Any CPU.ActiveCfg = Publish-Live|Any CPU
		{63A878AC-69FF-45F8-8194-F27D7DDEC716}.Staging|Any CPU.Build.0 = Publish-Live|Any CPU
		{63A878AC-69FF-45F8-8194-F27D7DDEC716}.Staging-Deploy|Any CPU.ActiveCfg = Staging-Deploy|Any CPU
		{63A878AC-69FF-45F8-8194-F27D7DDEC716}.Staging-Deploy|Any CPU.Build.0 = Staging-Deploy|Any CPU
		{63A878AC-69FF-45F8-8194-F27D7DDEC716}.Test mode|Any CPU.ActiveCfg = DBACCESREFACTOR|Any CPU
		{63A878AC-69FF-45F8-8194-F27D7DDEC716}.Test mode|Any CPU.Build.0 = DBACCESREFACTOR|Any CPU
		{8A936290-4628-4F28-9639-9B65915A0C8C}.Andromeda|Any CPU.ActiveCfg = AndromedaDyMobile|Any CPU
		{8A936290-4628-4F28-9639-9B65915A0C8C}.Andromeda|Any CPU.Build.0 = AndromedaDyMobile|Any CPU
		{8A936290-4628-4F28-9639-9B65915A0C8C}.AndromedaDtMobile|Any CPU.ActiveCfg = AndromedaDtMobile|Any CPU
		{8A936290-4628-4F28-9639-9B65915A0C8C}.AndromedaDtMobile|Any CPU.Build.0 = AndromedaDtMobile|Any CPU
		{8A936290-4628-4F28-9639-9B65915A0C8C}.AndromedaDyMobile|Any CPU.ActiveCfg = AndromedaDyMobile|Any CPU
		{8A936290-4628-4F28-9639-9B65915A0C8C}.AndromedaDyMobile|Any CPU.Build.0 = AndromedaDyMobile|Any CPU
		{8A936290-4628-4F28-9639-9B65915A0C8C}.DBACCESREFACTOR|Any CPU.ActiveCfg = DBACCESREFACTOR|Any CPU
		{8A936290-4628-4F28-9639-9B65915A0C8C}.DBACCESREFACTOR|Any CPU.Build.0 = DBACCESREFACTOR|Any CPU
		{8A936290-4628-4F28-9639-9B65915A0C8C}.Debug|Any CPU.ActiveCfg = Debug|Any CPU
		{8A936290-4628-4F28-9639-9B65915A0C8C}.Debug|Any CPU.Build.0 = Debug|Any CPU
		{8A936290-4628-4F28-9639-9B65915A0C8C}.Live|Any CPU.ActiveCfg = Local|Any CPU
		{8A936290-4628-4F28-9639-9B65915A0C8C}.Live|Any CPU.Build.0 = Local|Any CPU
		{8A936290-4628-4F28-9639-9B65915A0C8C}.Local|Any CPU.ActiveCfg = Local|Any CPU
		{8A936290-4628-4F28-9639-9B65915A0C8C}.Local|Any CPU.Build.0 = Local|Any CPU
		{8A936290-4628-4F28-9639-9B65915A0C8C}.LynxPocDoc|Any CPU.ActiveCfg = Local|Any CPU
		{8A936290-4628-4F28-9639-9B65915A0C8C}.LynxPocDoc|Any CPU.Build.0 = Local|Any CPU
		{8A936290-4628-4F28-9639-9B65915A0C8C}.Release|Any CPU.ActiveCfg = Release|Any CPU
		{8A936290-4628-4F28-9639-9B65915A0C8C}.Release|Any CPU.Build.0 = Release|Any CPU
		{8A936290-4628-4F28-9639-9B65915A0C8C}.Staging|Any CPU.ActiveCfg = Publish-Live|Any CPU
		{8A936290-4628-4F28-9639-9B65915A0C8C}.Staging|Any CPU.Build.0 = Publish-Live|Any CPU
		{8A936290-4628-4F28-9639-9B65915A0C8C}.Staging-Deploy|Any CPU.ActiveCfg = Staging-Deploy|Any CPU
		{8A936290-4628-4F28-9639-9B65915A0C8C}.Staging-Deploy|Any CPU.Build.0 = Staging-Deploy|Any CPU
		{8A936290-4628-4F28-9639-9B65915A0C8C}.Test mode|Any CPU.ActiveCfg = DBACCESREFACTOR|Any CPU
		{8A936290-4628-4F28-9639-9B65915A0C8C}.Test mode|Any CPU.Build.0 = DBACCESREFACTOR|Any CPU
		{FEAB6F0E-56F1-43D4-BEF0-988B26474DD2}.Andromeda|Any CPU.ActiveCfg = AndromedaDyMobile|Any CPU
		{FEAB6F0E-56F1-43D4-BEF0-988B26474DD2}.Andromeda|Any CPU.Build.0 = AndromedaDyMobile|Any CPU
		{FEAB6F0E-56F1-43D4-BEF0-988B26474DD2}.AndromedaDtMobile|Any CPU.ActiveCfg = AndromedaDtMobile|Any CPU
		{FEAB6F0E-56F1-43D4-BEF0-988B26474DD2}.AndromedaDtMobile|Any CPU.Build.0 = AndromedaDtMobile|Any CPU
		{FEAB6F0E-56F1-43D4-BEF0-988B26474DD2}.AndromedaDyMobile|Any CPU.ActiveCfg = AndromedaDyMobile|Any CPU
		{FEAB6F0E-56F1-43D4-BEF0-988B26474DD2}.AndromedaDyMobile|Any CPU.Build.0 = AndromedaDyMobile|Any CPU
		{FEAB6F0E-56F1-43D4-BEF0-988B26474DD2}.DBACCESREFACTOR|Any CPU.ActiveCfg = DBACCESREFACTOR|Any CPU
		{FEAB6F0E-56F1-43D4-BEF0-988B26474DD2}.DBACCESREFACTOR|Any CPU.Build.0 = DBACCESREFACTOR|Any CPU
		{FEAB6F0E-56F1-43D4-BEF0-988B26474DD2}.Debug|Any CPU.ActiveCfg = Debug|Any CPU
		{FEAB6F0E-56F1-43D4-BEF0-988B26474DD2}.Debug|Any CPU.Build.0 = Debug|Any CPU
		{FEAB6F0E-56F1-43D4-BEF0-988B26474DD2}.Live|Any CPU.ActiveCfg = Local|Any CPU
		{FEAB6F0E-56F1-43D4-BEF0-988B26474DD2}.Live|Any CPU.Build.0 = Local|Any CPU
		{FEAB6F0E-56F1-43D4-BEF0-988B26474DD2}.Local|Any CPU.ActiveCfg = Local|Any CPU
		{FEAB6F0E-56F1-43D4-BEF0-988B26474DD2}.Local|Any CPU.Build.0 = Local|Any CPU
		{FEAB6F0E-56F1-43D4-BEF0-988B26474DD2}.LynxPocDoc|Any CPU.ActiveCfg = Local|Any CPU
		{FEAB6F0E-56F1-43D4-BEF0-988B26474DD2}.LynxPocDoc|Any CPU.Build.0 = Local|Any CPU
		{FEAB6F0E-56F1-43D4-BEF0-988B26474DD2}.Release|Any CPU.ActiveCfg = Release|Any CPU
		{FEAB6F0E-56F1-43D4-BEF0-988B26474DD2}.Release|Any CPU.Build.0 = Release|Any CPU
		{FEAB6F0E-56F1-43D4-BEF0-988B26474DD2}.Staging|Any CPU.ActiveCfg = Publish-Live|Any CPU
		{FEAB6F0E-56F1-43D4-BEF0-988B26474DD2}.Staging|Any CPU.Build.0 = Publish-Live|Any CPU
		{FEAB6F0E-56F1-43D4-BEF0-988B26474DD2}.Staging-Deploy|Any CPU.ActiveCfg = Staging-Deploy|Any CPU
		{FEAB6F0E-56F1-43D4-BEF0-988B26474DD2}.Staging-Deploy|Any CPU.Build.0 = Staging-Deploy|Any CPU
		{FEAB6F0E-56F1-43D4-BEF0-988B26474DD2}.Test mode|Any CPU.ActiveCfg = DBACCESREFACTOR|Any CPU
		{FEAB6F0E-56F1-43D4-BEF0-988B26474DD2}.Test mode|Any CPU.Build.0 = DBACCESREFACTOR|Any CPU
		{6C90052F-9EBC-48F7-806B-6D5430AECFBF}.Andromeda|Any CPU.ActiveCfg = DBACCESREFACTOR|Any CPU
		{6C90052F-9EBC-48F7-806B-6D5430AECFBF}.Andromeda|Any CPU.Build.0 = DBACCESREFACTOR|Any CPU
		{6C90052F-9EBC-48F7-806B-6D5430AECFBF}.AndromedaDtMobile|Any CPU.ActiveCfg = DBACCESREFACTOR|Any CPU
		{6C90052F-9EBC-48F7-806B-6D5430AECFBF}.AndromedaDtMobile|Any CPU.Build.0 = DBACCESREFACTOR|Any CPU
		{6C90052F-9EBC-48F7-806B-6D5430AECFBF}.AndromedaDyMobile|Any CPU.ActiveCfg = DBACCESREFACTOR|Any CPU
		{6C90052F-9EBC-48F7-806B-6D5430AECFBF}.AndromedaDyMobile|Any CPU.Build.0 = DBACCESREFACTOR|Any CPU
		{6C90052F-9EBC-48F7-806B-6D5430AECFBF}.DBACCESREFACTOR|Any CPU.ActiveCfg = DBACCESREFACTOR|Any CPU
		{6C90052F-9EBC-48F7-806B-6D5430AECFBF}.DBACCESREFACTOR|Any CPU.Build.0 = DBACCESREFACTOR|Any CPU
		{6C90052F-9EBC-48F7-806B-6D5430AECFBF}.Debug|Any CPU.ActiveCfg = Debug|Any CPU
		{6C90052F-9EBC-48F7-806B-6D5430AECFBF}.Debug|Any CPU.Build.0 = Debug|Any CPU
		{6C90052F-9EBC-48F7-806B-6D5430AECFBF}.Live|Any CPU.ActiveCfg = Local|Any CPU
		{6C90052F-9EBC-48F7-806B-6D5430AECFBF}.Live|Any CPU.Build.0 = Local|Any CPU
		{6C90052F-9EBC-48F7-806B-6D5430AECFBF}.Local|Any CPU.ActiveCfg = Local|Any CPU
		{6C90052F-9EBC-48F7-806B-6D5430AECFBF}.Local|Any CPU.Build.0 = Local|Any CPU
		{6C90052F-9EBC-48F7-806B-6D5430AECFBF}.LynxPocDoc|Any CPU.ActiveCfg = Local|Any CPU
		{6C90052F-9EBC-48F7-806B-6D5430AECFBF}.LynxPocDoc|Any CPU.Build.0 = Local|Any CPU
		{6C90052F-9EBC-48F7-806B-6D5430AECFBF}.Release|Any CPU.ActiveCfg = Release|Any CPU
		{6C90052F-9EBC-48F7-806B-6D5430AECFBF}.Release|Any CPU.Build.0 = Release|Any CPU
		{6C90052F-9EBC-48F7-806B-6D5430AECFBF}.Staging|Any CPU.ActiveCfg = Publish-Live|Any CPU
		{6C90052F-9EBC-48F7-806B-6D5430AECFBF}.Staging|Any CPU.Build.0 = Publish-Live|Any CPU
		{6C90052F-9EBC-48F7-806B-6D5430AECFBF}.Staging-Deploy|Any CPU.ActiveCfg = Staging-Deploy|Any CPU
		{6C90052F-9EBC-48F7-806B-6D5430AECFBF}.Staging-Deploy|Any CPU.Build.0 = Staging-Deploy|Any CPU
		{6C90052F-9EBC-48F7-806B-6D5430AECFBF}.Test mode|Any CPU.ActiveCfg = DBACCESREFACTOR|Any CPU
		{6C90052F-9EBC-48F7-806B-6D5430AECFBF}.Test mode|Any CPU.Build.0 = DBACCESREFACTOR|Any CPU
		{3C164500-BF5F-4173-B1A8-154A38372773}.Andromeda|Any CPU.ActiveCfg = AndromedaDyMobile|Any CPU
		{3C164500-BF5F-4173-B1A8-154A38372773}.Andromeda|Any CPU.Build.0 = AndromedaDyMobile|Any CPU
		{3C164500-BF5F-4173-B1A8-154A38372773}.AndromedaDtMobile|Any CPU.ActiveCfg = AndromedaDtMobile|Any CPU
		{3C164500-BF5F-4173-B1A8-154A38372773}.AndromedaDtMobile|Any CPU.Build.0 = AndromedaDtMobile|Any CPU
		{3C164500-BF5F-4173-B1A8-154A38372773}.AndromedaDyMobile|Any CPU.ActiveCfg = AndromedaDyMobile|Any CPU
		{3C164500-BF5F-4173-B1A8-154A38372773}.AndromedaDyMobile|Any CPU.Build.0 = AndromedaDyMobile|Any CPU
		{3C164500-BF5F-4173-B1A8-154A38372773}.DBACCESREFACTOR|Any CPU.ActiveCfg = DBACCESREFACTOR|Any CPU
		{3C164500-BF5F-4173-B1A8-154A38372773}.DBACCESREFACTOR|Any CPU.Build.0 = DBACCESREFACTOR|Any CPU
		{3C164500-BF5F-4173-B1A8-154A38372773}.Debug|Any CPU.ActiveCfg = Debug|Any CPU
		{3C164500-BF5F-4173-B1A8-154A38372773}.Debug|Any CPU.Build.0 = Debug|Any CPU
		{3C164500-BF5F-4173-B1A8-154A38372773}.Live|Any CPU.ActiveCfg = Local|Any CPU
		{3C164500-BF5F-4173-B1A8-154A38372773}.Live|Any CPU.Build.0 = Local|Any CPU
		{3C164500-BF5F-4173-B1A8-154A38372773}.Local|Any CPU.ActiveCfg = Local|Any CPU
		{3C164500-BF5F-4173-B1A8-154A38372773}.Local|Any CPU.Build.0 = Local|Any CPU
		{3C164500-BF5F-4173-B1A8-154A38372773}.LynxPocDoc|Any CPU.ActiveCfg = Local|Any CPU
		{3C164500-BF5F-4173-B1A8-154A38372773}.LynxPocDoc|Any CPU.Build.0 = Local|Any CPU
		{3C164500-BF5F-4173-B1A8-154A38372773}.Release|Any CPU.ActiveCfg = Release|Any CPU
		{3C164500-BF5F-4173-B1A8-154A38372773}.Release|Any CPU.Build.0 = Release|Any CPU
		{3C164500-BF5F-4173-B1A8-154A38372773}.Staging|Any CPU.ActiveCfg = Publish-Live|Any CPU
		{3C164500-BF5F-4173-B1A8-154A38372773}.Staging|Any CPU.Build.0 = Publish-Live|Any CPU
		{3C164500-BF5F-4173-B1A8-154A38372773}.Staging-Deploy|Any CPU.ActiveCfg = Staging-Deploy|Any CPU
		{3C164500-BF5F-4173-B1A8-154A38372773}.Staging-Deploy|Any CPU.Build.0 = Staging-Deploy|Any CPU
		{3C164500-BF5F-4173-B1A8-154A38372773}.Test mode|Any CPU.ActiveCfg = DBACCESREFACTOR|Any CPU
		{3C164500-BF5F-4173-B1A8-154A38372773}.Test mode|Any CPU.Build.0 = DBACCESREFACTOR|Any CPU
		{031C04C9-08CD-4833-AF41-A9B64D337CA6}.Andromeda|Any CPU.ActiveCfg = AndromedaDyMobile|Any CPU
		{031C04C9-08CD-4833-AF41-A9B64D337CA6}.Andromeda|Any CPU.Build.0 = AndromedaDyMobile|Any CPU
		{031C04C9-08CD-4833-AF41-A9B64D337CA6}.AndromedaDtMobile|Any CPU.ActiveCfg = AndromedaDtMobile|Any CPU
		{031C04C9-08CD-4833-AF41-A9B64D337CA6}.AndromedaDtMobile|Any CPU.Build.0 = AndromedaDtMobile|Any CPU
		{031C04C9-08CD-4833-AF41-A9B64D337CA6}.AndromedaDyMobile|Any CPU.ActiveCfg = AndromedaDyMobile|Any CPU
		{031C04C9-08CD-4833-AF41-A9B64D337CA6}.AndromedaDyMobile|Any CPU.Build.0 = AndromedaDyMobile|Any CPU
		{031C04C9-08CD-4833-AF41-A9B64D337CA6}.DBACCESREFACTOR|Any CPU.ActiveCfg = DBACCESREFACTOR|Any CPU
		{031C04C9-08CD-4833-AF41-A9B64D337CA6}.DBACCESREFACTOR|Any CPU.Build.0 = DBACCESREFACTOR|Any CPU
		{031C04C9-08CD-4833-AF41-A9B64D337CA6}.Debug|Any CPU.ActiveCfg = Debug|Any CPU
		{031C04C9-08CD-4833-AF41-A9B64D337CA6}.Debug|Any CPU.Build.0 = Debug|Any CPU
		{031C04C9-08CD-4833-AF41-A9B64D337CA6}.Live|Any CPU.ActiveCfg = Local|Any CPU
		{031C04C9-08CD-4833-AF41-A9B64D337CA6}.Live|Any CPU.Build.0 = Local|Any CPU
		{031C04C9-08CD-4833-AF41-A9B64D337CA6}.Local|Any CPU.ActiveCfg = Local|Any CPU
		{031C04C9-08CD-4833-AF41-A9B64D337CA6}.Local|Any CPU.Build.0 = Local|Any CPU
		{031C04C9-08CD-4833-AF41-A9B64D337CA6}.LynxPocDoc|Any CPU.ActiveCfg = Local|Any CPU
		{031C04C9-08CD-4833-AF41-A9B64D337CA6}.LynxPocDoc|Any CPU.Build.0 = Local|Any CPU
		{031C04C9-08CD-4833-AF41-A9B64D337CA6}.Release|Any CPU.ActiveCfg = Release|Any CPU
		{031C04C9-08CD-4833-AF41-A9B64D337CA6}.Release|Any CPU.Build.0 = Release|Any CPU
		{031C04C9-08CD-4833-AF41-A9B64D337CA6}.Staging|Any CPU.ActiveCfg = Publish-Live|Any CPU
		{031C04C9-08CD-4833-AF41-A9B64D337CA6}.Staging|Any CPU.Build.0 = Publish-Live|Any CPU
		{031C04C9-08CD-4833-AF41-A9B64D337CA6}.Staging-Deploy|Any CPU.ActiveCfg = Staging-Deploy|Any CPU
		{031C04C9-08CD-4833-AF41-A9B64D337CA6}.Staging-Deploy|Any CPU.Build.0 = Staging-Deploy|Any CPU
		{031C04C9-08CD-4833-AF41-A9B64D337CA6}.Test mode|Any CPU.ActiveCfg = DBACCESREFACTOR|Any CPU
		{031C04C9-08CD-4833-AF41-A9B64D337CA6}.Test mode|Any CPU.Build.0 = DBACCESREFACTOR|Any CPU
		{C453F5A9-9877-4197-A5E3-403EF6A0455D}.Andromeda|Any CPU.ActiveCfg = Release|Any CPU
		{C453F5A9-9877-4197-A5E3-403EF6A0455D}.Andromeda|Any CPU.Build.0 = Release|Any CPU
		{C453F5A9-9877-4197-A5E3-403EF6A0455D}.AndromedaDtMobile|Any CPU.ActiveCfg = Release|Any CPU
		{C453F5A9-9877-4197-A5E3-403EF6A0455D}.AndromedaDtMobile|Any CPU.Build.0 = Release|Any CPU
		{C453F5A9-9877-4197-A5E3-403EF6A0455D}.AndromedaDyMobile|Any CPU.ActiveCfg = Release|Any CPU
		{C453F5A9-9877-4197-A5E3-403EF6A0455D}.AndromedaDyMobile|Any CPU.Build.0 = Release|Any CPU
		{C453F5A9-9877-4197-A5E3-403EF6A0455D}.DBACCESREFACTOR|Any CPU.ActiveCfg = Debug|Any CPU
		{C453F5A9-9877-4197-A5E3-403EF6A0455D}.DBACCESREFACTOR|Any CPU.Build.0 = Debug|Any CPU
		{C453F5A9-9877-4197-A5E3-403EF6A0455D}.Debug|Any CPU.ActiveCfg = Debug|Any CPU
		{C453F5A9-9877-4197-A5E3-403EF6A0455D}.Debug|Any CPU.Build.0 = Debug|Any CPU
		{C453F5A9-9877-4197-A5E3-403EF6A0455D}.Live|Any CPU.ActiveCfg = Release|Any CPU
		{C453F5A9-9877-4197-A5E3-403EF6A0455D}.Live|Any CPU.Build.0 = Release|Any CPU
		{C453F5A9-9877-4197-A5E3-403EF6A0455D}.Local|Any CPU.ActiveCfg = Release|Any CPU
		{C453F5A9-9877-4197-A5E3-403EF6A0455D}.Local|Any CPU.Build.0 = Release|Any CPU
		{C453F5A9-9877-4197-A5E3-403EF6A0455D}.LynxPocDoc|Any CPU.ActiveCfg = Release|Any CPU
		{C453F5A9-9877-4197-A5E3-403EF6A0455D}.LynxPocDoc|Any CPU.Build.0 = Release|Any CPU
		{C453F5A9-9877-4197-A5E3-403EF6A0455D}.Release|Any CPU.ActiveCfg = Release|Any CPU
		{C453F5A9-9877-4197-A5E3-403EF6A0455D}.Release|Any CPU.Build.0 = Release|Any CPU
		{C453F5A9-9877-4197-A5E3-403EF6A0455D}.Staging|Any CPU.ActiveCfg = Publish-Live|Any CPU
		{C453F5A9-9877-4197-A5E3-403EF6A0455D}.Staging|Any CPU.Build.0 = Publish-Live|Any CPU
		{C453F5A9-9877-4197-A5E3-403EF6A0455D}.Staging-Deploy|Any CPU.ActiveCfg = Staging-Deploy|Any CPU
		{C453F5A9-9877-4197-A5E3-403EF6A0455D}.Staging-Deploy|Any CPU.Build.0 = Staging-Deploy|Any CPU
		{C453F5A9-9877-4197-A5E3-403EF6A0455D}.Test mode|Any CPU.ActiveCfg = Release|Any CPU
		{C453F5A9-9877-4197-A5E3-403EF6A0455D}.Test mode|Any CPU.Build.0 = Release|Any CPU
		{63F92C99-99E4-48AC-8AC3-1627ED7831DF}.Andromeda|Any CPU.ActiveCfg = DBACCESREFACTOR|Any CPU
		{63F92C99-99E4-48AC-8AC3-1627ED7831DF}.Andromeda|Any CPU.Build.0 = DBACCESREFACTOR|Any CPU
		{63F92C99-99E4-48AC-8AC3-1627ED7831DF}.AndromedaDtMobile|Any CPU.ActiveCfg = DBACCESREFACTOR|Any CPU
		{63F92C99-99E4-48AC-8AC3-1627ED7831DF}.AndromedaDtMobile|Any CPU.Build.0 = DBACCESREFACTOR|Any CPU
		{63F92C99-99E4-48AC-8AC3-1627ED7831DF}.AndromedaDyMobile|Any CPU.ActiveCfg = DBACCESREFACTOR|Any CPU
		{63F92C99-99E4-48AC-8AC3-1627ED7831DF}.AndromedaDyMobile|Any CPU.Build.0 = DBACCESREFACTOR|Any CPU
		{63F92C99-99E4-48AC-8AC3-1627ED7831DF}.DBACCESREFACTOR|Any CPU.ActiveCfg = DBACCESREFACTOR|Any CPU
		{63F92C99-99E4-48AC-8AC3-1627ED7831DF}.DBACCESREFACTOR|Any CPU.Build.0 = DBACCESREFACTOR|Any CPU
		{63F92C99-99E4-48AC-8AC3-1627ED7831DF}.Debug|Any CPU.ActiveCfg = Debug|Any CPU
		{63F92C99-99E4-48AC-8AC3-1627ED7831DF}.Debug|Any CPU.Build.0 = Debug|Any CPU
		{63F92C99-99E4-48AC-8AC3-1627ED7831DF}.Live|Any CPU.ActiveCfg = Local|Any CPU
		{63F92C99-99E4-48AC-8AC3-1627ED7831DF}.Live|Any CPU.Build.0 = Local|Any CPU
		{63F92C99-99E4-48AC-8AC3-1627ED7831DF}.Local|Any CPU.ActiveCfg = Local|Any CPU
		{63F92C99-99E4-48AC-8AC3-1627ED7831DF}.Local|Any CPU.Build.0 = Local|Any CPU
		{63F92C99-99E4-48AC-8AC3-1627ED7831DF}.LynxPocDoc|Any CPU.ActiveCfg = Local|Any CPU
		{63F92C99-99E4-48AC-8AC3-1627ED7831DF}.LynxPocDoc|Any CPU.Build.0 = Local|Any CPU
		{63F92C99-99E4-48AC-8AC3-1627ED7831DF}.Release|Any CPU.ActiveCfg = Release|Any CPU
		{63F92C99-99E4-48AC-8AC3-1627ED7831DF}.Release|Any CPU.Build.0 = Release|Any CPU
		{63F92C99-99E4-48AC-8AC3-1627ED7831DF}.Staging|Any CPU.ActiveCfg = Publish-Live|Any CPU
		{63F92C99-99E4-48AC-8AC3-1627ED7831DF}.Staging|Any CPU.Build.0 = Publish-Live|Any CPU
		{63F92C99-99E4-48AC-8AC3-1627ED7831DF}.Staging-Deploy|Any CPU.ActiveCfg = Staging-Deploy|Any CPU
		{63F92C99-99E4-48AC-8AC3-1627ED7831DF}.Staging-Deploy|Any CPU.Build.0 = Staging-Deploy|Any CPU
		{63F92C99-99E4-48AC-8AC3-1627ED7831DF}.Test mode|Any CPU.ActiveCfg = DBACCESREFACTOR|Any CPU
		{63F92C99-99E4-48AC-8AC3-1627ED7831DF}.Test mode|Any CPU.Build.0 = DBACCESREFACTOR|Any CPU
		{768C60E8-0C7F-42B2-B8C9-D327C6BF334A}.Andromeda|Any CPU.ActiveCfg = AndromedaDyMobile|Any CPU
		{768C60E8-0C7F-42B2-B8C9-D327C6BF334A}.Andromeda|Any CPU.Build.0 = AndromedaDyMobile|Any CPU
		{768C60E8-0C7F-42B2-B8C9-D327C6BF334A}.AndromedaDtMobile|Any CPU.ActiveCfg = AndromedaDtMobile|Any CPU
		{768C60E8-0C7F-42B2-B8C9-D327C6BF334A}.AndromedaDtMobile|Any CPU.Build.0 = AndromedaDtMobile|Any CPU
		{768C60E8-0C7F-42B2-B8C9-D327C6BF334A}.AndromedaDyMobile|Any CPU.ActiveCfg = AndromedaDyMobile|Any CPU
		{768C60E8-0C7F-42B2-B8C9-D327C6BF334A}.AndromedaDyMobile|Any CPU.Build.0 = AndromedaDyMobile|Any CPU
		{768C60E8-0C7F-42B2-B8C9-D327C6BF334A}.DBACCESREFACTOR|Any CPU.ActiveCfg = DBACCESREFACTOR|Any CPU
		{768C60E8-0C7F-42B2-B8C9-D327C6BF334A}.DBACCESREFACTOR|Any CPU.Build.0 = DBACCESREFACTOR|Any CPU
		{768C60E8-0C7F-42B2-B8C9-D327C6BF334A}.Debug|Any CPU.ActiveCfg = Debug|Any CPU
		{768C60E8-0C7F-42B2-B8C9-D327C6BF334A}.Debug|Any CPU.Build.0 = Debug|Any CPU
		{768C60E8-0C7F-42B2-B8C9-D327C6BF334A}.Live|Any CPU.ActiveCfg = LynxPocDoc|Any CPU
		{768C60E8-0C7F-42B2-B8C9-D327C6BF334A}.Live|Any CPU.Build.0 = LynxPocDoc|Any CPU
		{768C60E8-0C7F-42B2-B8C9-D327C6BF334A}.Local|Any CPU.ActiveCfg = Local|Any CPU
		{768C60E8-0C7F-42B2-B8C9-D327C6BF334A}.Local|Any CPU.Build.0 = Local|Any CPU
		{768C60E8-0C7F-42B2-B8C9-D327C6BF334A}.LynxPocDoc|Any CPU.ActiveCfg = LynxPocDoc|Any CPU
		{768C60E8-0C7F-42B2-B8C9-D327C6BF334A}.LynxPocDoc|Any CPU.Build.0 = LynxPocDoc|Any CPU
		{768C60E8-0C7F-42B2-B8C9-D327C6BF334A}.Release|Any CPU.ActiveCfg = Release|Any CPU
		{768C60E8-0C7F-42B2-B8C9-D327C6BF334A}.Release|Any CPU.Build.0 = Release|Any CPU
		{768C60E8-0C7F-42B2-B8C9-D327C6BF334A}.Staging|Any CPU.ActiveCfg = Publish-Live|Any CPU
		{768C60E8-0C7F-42B2-B8C9-D327C6BF334A}.Staging|Any CPU.Build.0 = Publish-Live|Any CPU
		{768C60E8-0C7F-42B2-B8C9-D327C6BF334A}.Staging-Deploy|Any CPU.ActiveCfg = Staging-Deploy|Any CPU
		{768C60E8-0C7F-42B2-B8C9-D327C6BF334A}.Staging-Deploy|Any CPU.Build.0 = Staging-Deploy|Any CPU
		{768C60E8-0C7F-42B2-B8C9-D327C6BF334A}.Test mode|Any CPU.ActiveCfg = LynxPocDoc|Any CPU
		{768C60E8-0C7F-42B2-B8C9-D327C6BF334A}.Test mode|Any CPU.Build.0 = LynxPocDoc|Any CPU
		{6BDA1EB4-FA2A-41A1-8B83-171ED9B85ADD}.Andromeda|Any CPU.ActiveCfg = AndromedaDyMobile|Any CPU
		{6BDA1EB4-FA2A-41A1-8B83-171ED9B85ADD}.Andromeda|Any CPU.Build.0 = AndromedaDyMobile|Any CPU
		{6BDA1EB4-FA2A-41A1-8B83-171ED9B85ADD}.AndromedaDtMobile|Any CPU.ActiveCfg = AndromedaDtMobile|Any CPU
		{6BDA1EB4-FA2A-41A1-8B83-171ED9B85ADD}.AndromedaDtMobile|Any CPU.Build.0 = AndromedaDtMobile|Any CPU
		{6BDA1EB4-FA2A-41A1-8B83-171ED9B85ADD}.AndromedaDyMobile|Any CPU.ActiveCfg = AndromedaDyMobile|Any CPU
		{6BDA1EB4-FA2A-41A1-8B83-171ED9B85ADD}.AndromedaDyMobile|Any CPU.Build.0 = AndromedaDyMobile|Any CPU
		{6BDA1EB4-FA2A-41A1-8B83-171ED9B85ADD}.DBACCESREFACTOR|Any CPU.ActiveCfg = DBACCESREFACTOR|Any CPU
		{6BDA1EB4-FA2A-41A1-8B83-171ED9B85ADD}.DBACCESREFACTOR|Any CPU.Build.0 = DBACCESREFACTOR|Any CPU
		{6BDA1EB4-FA2A-41A1-8B83-171ED9B85ADD}.Debug|Any CPU.ActiveCfg = Debug|Any CPU
		{6BDA1EB4-FA2A-41A1-8B83-171ED9B85ADD}.Debug|Any CPU.Build.0 = Debug|Any CPU
		{6BDA1EB4-FA2A-41A1-8B83-171ED9B85ADD}.Live|Any CPU.ActiveCfg = LynxPocDoc|Any CPU
		{6BDA1EB4-FA2A-41A1-8B83-171ED9B85ADD}.Live|Any CPU.Build.0 = LynxPocDoc|Any CPU
		{6BDA1EB4-FA2A-41A1-8B83-171ED9B85ADD}.Local|Any CPU.ActiveCfg = Local|Any CPU
		{6BDA1EB4-FA2A-41A1-8B83-171ED9B85ADD}.Local|Any CPU.Build.0 = Local|Any CPU
		{6BDA1EB4-FA2A-41A1-8B83-171ED9B85ADD}.LynxPocDoc|Any CPU.ActiveCfg = LynxPocDoc|Any CPU
		{6BDA1EB4-FA2A-41A1-8B83-171ED9B85ADD}.LynxPocDoc|Any CPU.Build.0 = LynxPocDoc|Any CPU
		{6BDA1EB4-FA2A-41A1-8B83-171ED9B85ADD}.Release|Any CPU.ActiveCfg = Release|Any CPU
		{6BDA1EB4-FA2A-41A1-8B83-171ED9B85ADD}.Release|Any CPU.Build.0 = Release|Any CPU
		{6BDA1EB4-FA2A-41A1-8B83-171ED9B85ADD}.Staging|Any CPU.ActiveCfg = Publish-Live|Any CPU
		{6BDA1EB4-FA2A-41A1-8B83-171ED9B85ADD}.Staging|Any CPU.Build.0 = Publish-Live|Any CPU
		{6BDA1EB4-FA2A-41A1-8B83-171ED9B85ADD}.Staging-Deploy|Any CPU.ActiveCfg = Staging-Deploy|Any CPU
		{6BDA1EB4-FA2A-41A1-8B83-171ED9B85ADD}.Staging-Deploy|Any CPU.Build.0 = Staging-Deploy|Any CPU
		{6BDA1EB4-FA2A-41A1-8B83-171ED9B85ADD}.Test mode|Any CPU.ActiveCfg = LynxPocDoc|Any CPU
		{6BDA1EB4-FA2A-41A1-8B83-171ED9B85ADD}.Test mode|Any CPU.Build.0 = LynxPocDoc|Any CPU
		{DDB8AC6E-2BA5-45A3-9D78-BECDB89DD06C}.Andromeda|Any CPU.ActiveCfg = Release|Any CPU
		{DDB8AC6E-2BA5-45A3-9D78-BECDB89DD06C}.Andromeda|Any CPU.Build.0 = Release|Any CPU
		{DDB8AC6E-2BA5-45A3-9D78-BECDB89DD06C}.AndromedaDtMobile|Any CPU.ActiveCfg = Release|Any CPU
		{DDB8AC6E-2BA5-45A3-9D78-BECDB89DD06C}.AndromedaDtMobile|Any CPU.Build.0 = Release|Any CPU
		{DDB8AC6E-2BA5-45A3-9D78-BECDB89DD06C}.AndromedaDyMobile|Any CPU.ActiveCfg = Release|Any CPU
		{DDB8AC6E-2BA5-45A3-9D78-BECDB89DD06C}.AndromedaDyMobile|Any CPU.Build.0 = Release|Any CPU
		{DDB8AC6E-2BA5-45A3-9D78-BECDB89DD06C}.DBACCESREFACTOR|Any CPU.ActiveCfg = Debug|Any CPU
		{DDB8AC6E-2BA5-45A3-9D78-BECDB89DD06C}.DBACCESREFACTOR|Any CPU.Build.0 = Debug|Any CPU
		{DDB8AC6E-2BA5-45A3-9D78-BECDB89DD06C}.Debug|Any CPU.ActiveCfg = Debug|Any CPU
		{DDB8AC6E-2BA5-45A3-9D78-BECDB89DD06C}.Debug|Any CPU.Build.0 = Debug|Any CPU
		{DDB8AC6E-2BA5-45A3-9D78-BECDB89DD06C}.Live|Any CPU.ActiveCfg = Release|Any CPU
		{DDB8AC6E-2BA5-45A3-9D78-BECDB89DD06C}.Live|Any CPU.Build.0 = Release|Any CPU
		{DDB8AC6E-2BA5-45A3-9D78-BECDB89DD06C}.Local|Any CPU.ActiveCfg = Release|Any CPU
		{DDB8AC6E-2BA5-45A3-9D78-BECDB89DD06C}.Local|Any CPU.Build.0 = Release|Any CPU
		{DDB8AC6E-2BA5-45A3-9D78-BECDB89DD06C}.LynxPocDoc|Any CPU.ActiveCfg = Release|Any CPU
		{DDB8AC6E-2BA5-45A3-9D78-BECDB89DD06C}.LynxPocDoc|Any CPU.Build.0 = Release|Any CPU
		{DDB8AC6E-2BA5-45A3-9D78-BECDB89DD06C}.Release|Any CPU.ActiveCfg = Release|Any CPU
		{DDB8AC6E-2BA5-45A3-9D78-BECDB89DD06C}.Release|Any CPU.Build.0 = Release|Any CPU
		{DDB8AC6E-2BA5-45A3-9D78-BECDB89DD06C}.Staging|Any CPU.ActiveCfg = Publish-Live|Any CPU
		{DDB8AC6E-2BA5-45A3-9D78-BECDB89DD06C}.Staging|Any CPU.Build.0 = Publish-Live|Any CPU
		{DDB8AC6E-2BA5-45A3-9D78-BECDB89DD06C}.Staging-Deploy|Any CPU.ActiveCfg = Staging-Deploy|Any CPU
		{DDB8AC6E-2BA5-45A3-9D78-BECDB89DD06C}.Staging-Deploy|Any CPU.Build.0 = Staging-Deploy|Any CPU
		{DDB8AC6E-2BA5-45A3-9D78-BECDB89DD06C}.Test mode|Any CPU.ActiveCfg = Release|Any CPU
		{DDB8AC6E-2BA5-45A3-9D78-BECDB89DD06C}.Test mode|Any CPU.Build.0 = Release|Any CPU
		{433FAF4C-828D-40D3-9AC1-36B8D9167771}.Andromeda|Any CPU.ActiveCfg = Release|Any CPU
		{433FAF4C-828D-40D3-9AC1-36B8D9167771}.Andromeda|Any CPU.Build.0 = Release|Any CPU
		{433FAF4C-828D-40D3-9AC1-36B8D9167771}.AndromedaDtMobile|Any CPU.ActiveCfg = Release|Any CPU
		{433FAF4C-828D-40D3-9AC1-36B8D9167771}.AndromedaDtMobile|Any CPU.Build.0 = Release|Any CPU
		{433FAF4C-828D-40D3-9AC1-36B8D9167771}.AndromedaDyMobile|Any CPU.ActiveCfg = Release|Any CPU
		{433FAF4C-828D-40D3-9AC1-36B8D9167771}.AndromedaDyMobile|Any CPU.Build.0 = Release|Any CPU
		{433FAF4C-828D-40D3-9AC1-36B8D9167771}.DBACCESREFACTOR|Any CPU.ActiveCfg = Debug|Any CPU
		{433FAF4C-828D-40D3-9AC1-36B8D9167771}.DBACCESREFACTOR|Any CPU.Build.0 = Debug|Any CPU
		{433FAF4C-828D-40D3-9AC1-36B8D9167771}.Debug|Any CPU.ActiveCfg = Debug|Any CPU
		{433FAF4C-828D-40D3-9AC1-36B8D9167771}.Debug|Any CPU.Build.0 = Debug|Any CPU
		{433FAF4C-828D-40D3-9AC1-36B8D9167771}.Live|Any CPU.ActiveCfg = Release|Any CPU
		{433FAF4C-828D-40D3-9AC1-36B8D9167771}.Live|Any CPU.Build.0 = Release|Any CPU
		{433FAF4C-828D-40D3-9AC1-36B8D9167771}.Local|Any CPU.ActiveCfg = Release|Any CPU
		{433FAF4C-828D-40D3-9AC1-36B8D9167771}.Local|Any CPU.Build.0 = Release|Any CPU
		{433FAF4C-828D-40D3-9AC1-36B8D9167771}.LynxPocDoc|Any CPU.ActiveCfg = Release|Any CPU
		{433FAF4C-828D-40D3-9AC1-36B8D9167771}.LynxPocDoc|Any CPU.Build.0 = Release|Any CPU
		{433FAF4C-828D-40D3-9AC1-36B8D9167771}.Release|Any CPU.ActiveCfg = Release|Any CPU
		{433FAF4C-828D-40D3-9AC1-36B8D9167771}.Release|Any CPU.Build.0 = Release|Any CPU
		{433FAF4C-828D-40D3-9AC1-36B8D9167771}.Staging|Any CPU.ActiveCfg = Publish-Live|Any CPU
		{433FAF4C-828D-40D3-9AC1-36B8D9167771}.Staging|Any CPU.Build.0 = Publish-Live|Any CPU
		{433FAF4C-828D-40D3-9AC1-36B8D9167771}.Staging-Deploy|Any CPU.ActiveCfg = Staging-Deploy|Any CPU
		{433FAF4C-828D-40D3-9AC1-36B8D9167771}.Staging-Deploy|Any CPU.Build.0 = Staging-Deploy|Any CPU
		{433FAF4C-828D-40D3-9AC1-36B8D9167771}.Test mode|Any CPU.ActiveCfg = Release|Any CPU
		{433FAF4C-828D-40D3-9AC1-36B8D9167771}.Test mode|Any CPU.Build.0 = Release|Any CPU
		{17E35F8F-6972-4EE9-8135-396798E493C8}.Andromeda|Any CPU.ActiveCfg = Release|Any CPU
		{17E35F8F-6972-4EE9-8135-396798E493C8}.Andromeda|Any CPU.Build.0 = Release|Any CPU
		{17E35F8F-6972-4EE9-8135-396798E493C8}.AndromedaDtMobile|Any CPU.ActiveCfg = Release|Any CPU
		{17E35F8F-6972-4EE9-8135-396798E493C8}.AndromedaDtMobile|Any CPU.Build.0 = Release|Any CPU
		{17E35F8F-6972-4EE9-8135-396798E493C8}.AndromedaDyMobile|Any CPU.ActiveCfg = Release|Any CPU
		{17E35F8F-6972-4EE9-8135-396798E493C8}.AndromedaDyMobile|Any CPU.Build.0 = Release|Any CPU
		{17E35F8F-6972-4EE9-8135-396798E493C8}.DBACCESREFACTOR|Any CPU.ActiveCfg = Debug|Any CPU
		{17E35F8F-6972-4EE9-8135-396798E493C8}.DBACCESREFACTOR|Any CPU.Build.0 = Debug|Any CPU
		{17E35F8F-6972-4EE9-8135-396798E493C8}.Debug|Any CPU.ActiveCfg = Debug|Any CPU
		{17E35F8F-6972-4EE9-8135-396798E493C8}.Debug|Any CPU.Build.0 = Debug|Any CPU
		{17E35F8F-6972-4EE9-8135-396798E493C8}.Live|Any CPU.ActiveCfg = Release|Any CPU
		{17E35F8F-6972-4EE9-8135-396798E493C8}.Live|Any CPU.Build.0 = Release|Any CPU
		{17E35F8F-6972-4EE9-8135-396798E493C8}.Local|Any CPU.ActiveCfg = Release|Any CPU
		{17E35F8F-6972-4EE9-8135-396798E493C8}.Local|Any CPU.Build.0 = Release|Any CPU
		{17E35F8F-6972-4EE9-8135-396798E493C8}.LynxPocDoc|Any CPU.ActiveCfg = Release|Any CPU
		{17E35F8F-6972-4EE9-8135-396798E493C8}.LynxPocDoc|Any CPU.Build.0 = Release|Any CPU
		{17E35F8F-6972-4EE9-8135-396798E493C8}.Release|Any CPU.ActiveCfg = Release|Any CPU
		{17E35F8F-6972-4EE9-8135-396798E493C8}.Release|Any CPU.Build.0 = Release|Any CPU
		{17E35F8F-6972-4EE9-8135-396798E493C8}.Staging|Any CPU.ActiveCfg = Publish-Live|Any CPU
		{17E35F8F-6972-4EE9-8135-396798E493C8}.Staging|Any CPU.Build.0 = Publish-Live|Any CPU
		{17E35F8F-6972-4EE9-8135-396798E493C8}.Staging-Deploy|Any CPU.ActiveCfg = Staging-Deploy|Any CPU
		{17E35F8F-6972-4EE9-8135-396798E493C8}.Staging-Deploy|Any CPU.Build.0 = Staging-Deploy|Any CPU
		{17E35F8F-6972-4EE9-8135-396798E493C8}.Test mode|Any CPU.ActiveCfg = Release|Any CPU
		{17E35F8F-6972-4EE9-8135-396798E493C8}.Test mode|Any CPU.Build.0 = Release|Any CPU
		{F66B8F6F-EC2C-4867-9D07-D4E9850E8933}.Andromeda|Any CPU.ActiveCfg = Release|Any CPU
		{F66B8F6F-EC2C-4867-9D07-D4E9850E8933}.Andromeda|Any CPU.Build.0 = Release|Any CPU
		{F66B8F6F-EC2C-4867-9D07-D4E9850E8933}.AndromedaDtMobile|Any CPU.ActiveCfg = Release|Any CPU
		{F66B8F6F-EC2C-4867-9D07-D4E9850E8933}.AndromedaDtMobile|Any CPU.Build.0 = Release|Any CPU
		{F66B8F6F-EC2C-4867-9D07-D4E9850E8933}.AndromedaDyMobile|Any CPU.ActiveCfg = Release|Any CPU
		{F66B8F6F-EC2C-4867-9D07-D4E9850E8933}.AndromedaDyMobile|Any CPU.Build.0 = Release|Any CPU
		{F66B8F6F-EC2C-4867-9D07-D4E9850E8933}.DBACCESREFACTOR|Any CPU.ActiveCfg = Debug|Any CPU
		{F66B8F6F-EC2C-4867-9D07-D4E9850E8933}.DBACCESREFACTOR|Any CPU.Build.0 = Debug|Any CPU
		{F66B8F6F-EC2C-4867-9D07-D4E9850E8933}.Debug|Any CPU.ActiveCfg = Debug|Any CPU
		{F66B8F6F-EC2C-4867-9D07-D4E9850E8933}.Debug|Any CPU.Build.0 = Debug|Any CPU
		{F66B8F6F-EC2C-4867-9D07-D4E9850E8933}.Live|Any CPU.ActiveCfg = Release|Any CPU
		{F66B8F6F-EC2C-4867-9D07-D4E9850E8933}.Live|Any CPU.Build.0 = Release|Any CPU
		{F66B8F6F-EC2C-4867-9D07-D4E9850E8933}.Local|Any CPU.ActiveCfg = Release|Any CPU
		{F66B8F6F-EC2C-4867-9D07-D4E9850E8933}.Local|Any CPU.Build.0 = Release|Any CPU
		{F66B8F6F-EC2C-4867-9D07-D4E9850E8933}.LynxPocDoc|Any CPU.ActiveCfg = Release|Any CPU
		{F66B8F6F-EC2C-4867-9D07-D4E9850E8933}.LynxPocDoc|Any CPU.Build.0 = Release|Any CPU
		{F66B8F6F-EC2C-4867-9D07-D4E9850E8933}.Release|Any CPU.ActiveCfg = Release|Any CPU
		{F66B8F6F-EC2C-4867-9D07-D4E9850E8933}.Release|Any CPU.Build.0 = Release|Any CPU
		{F66B8F6F-EC2C-4867-9D07-D4E9850E8933}.Staging|Any CPU.ActiveCfg = Publish-Live|Any CPU
		{F66B8F6F-EC2C-4867-9D07-D4E9850E8933}.Staging|Any CPU.Build.0 = Publish-Live|Any CPU
		{F66B8F6F-EC2C-4867-9D07-D4E9850E8933}.Staging-Deploy|Any CPU.ActiveCfg = Staging-Deploy|Any CPU
		{F66B8F6F-EC2C-4867-9D07-D4E9850E8933}.Staging-Deploy|Any CPU.Build.0 = Staging-Deploy|Any CPU
		{F66B8F6F-EC2C-4867-9D07-D4E9850E8933}.Test mode|Any CPU.ActiveCfg = Release|Any CPU
		{F66B8F6F-EC2C-4867-9D07-D4E9850E8933}.Test mode|Any CPU.Build.0 = Release|Any CPU
		{2ED9EC1F-4C36-4790-B8AE-6C03F4B40588}.Andromeda|Any CPU.ActiveCfg = Release|Any CPU
		{2ED9EC1F-4C36-4790-B8AE-6C03F4B40588}.Andromeda|Any CPU.Build.0 = Release|Any CPU
		{2ED9EC1F-4C36-4790-B8AE-6C03F4B40588}.AndromedaDtMobile|Any CPU.ActiveCfg = Release|Any CPU
		{2ED9EC1F-4C36-4790-B8AE-6C03F4B40588}.AndromedaDtMobile|Any CPU.Build.0 = Release|Any CPU
		{2ED9EC1F-4C36-4790-B8AE-6C03F4B40588}.AndromedaDyMobile|Any CPU.ActiveCfg = Release|Any CPU
		{2ED9EC1F-4C36-4790-B8AE-6C03F4B40588}.AndromedaDyMobile|Any CPU.Build.0 = Release|Any CPU
		{2ED9EC1F-4C36-4790-B8AE-6C03F4B40588}.DBACCESREFACTOR|Any CPU.ActiveCfg = Debug|Any CPU
		{2ED9EC1F-4C36-4790-B8AE-6C03F4B40588}.DBACCESREFACTOR|Any CPU.Build.0 = Debug|Any CPU
		{2ED9EC1F-4C36-4790-B8AE-6C03F4B40588}.Debug|Any CPU.ActiveCfg = Debug|Any CPU
		{2ED9EC1F-4C36-4790-B8AE-6C03F4B40588}.Debug|Any CPU.Build.0 = Debug|Any CPU
		{2ED9EC1F-4C36-4790-B8AE-6C03F4B40588}.Live|Any CPU.ActiveCfg = Release|Any CPU
		{2ED9EC1F-4C36-4790-B8AE-6C03F4B40588}.Live|Any CPU.Build.0 = Release|Any CPU
		{2ED9EC1F-4C36-4790-B8AE-6C03F4B40588}.Local|Any CPU.ActiveCfg = Release|Any CPU
		{2ED9EC1F-4C36-4790-B8AE-6C03F4B40588}.Local|Any CPU.Build.0 = Release|Any CPU
		{2ED9EC1F-4C36-4790-B8AE-6C03F4B40588}.LynxPocDoc|Any CPU.ActiveCfg = Release|Any CPU
		{2ED9EC1F-4C36-4790-B8AE-6C03F4B40588}.LynxPocDoc|Any CPU.Build.0 = Release|Any CPU
		{2ED9EC1F-4C36-4790-B8AE-6C03F4B40588}.Release|Any CPU.ActiveCfg = Release|Any CPU
		{2ED9EC1F-4C36-4790-B8AE-6C03F4B40588}.Release|Any CPU.Build.0 = Release|Any CPU
		{2ED9EC1F-4C36-4790-B8AE-6C03F4B40588}.Staging|Any CPU.ActiveCfg = Publish-Live|Any CPU
		{2ED9EC1F-4C36-4790-B8AE-6C03F4B40588}.Staging|Any CPU.Build.0 = Publish-Live|Any CPU
		{2ED9EC1F-4C36-4790-B8AE-6C03F4B40588}.Staging-Deploy|Any CPU.ActiveCfg = Staging-Deploy|Any CPU
		{2ED9EC1F-4C36-4790-B8AE-6C03F4B40588}.Staging-Deploy|Any CPU.Build.0 = Staging-Deploy|Any CPU
		{2ED9EC1F-4C36-4790-B8AE-6C03F4B40588}.Test mode|Any CPU.ActiveCfg = Release|Any CPU
		{2ED9EC1F-4C36-4790-B8AE-6C03F4B40588}.Test mode|Any CPU.Build.0 = Release|Any CPU
		{A5B4351C-89C5-438E-A57E-E048B40D3527}.Andromeda|Any CPU.ActiveCfg = Release|Any CPU
		{A5B4351C-89C5-438E-A57E-E048B40D3527}.Andromeda|Any CPU.Build.0 = Release|Any CPU
		{A5B4351C-89C5-438E-A57E-E048B40D3527}.AndromedaDtMobile|Any CPU.ActiveCfg = Release|Any CPU
		{A5B4351C-89C5-438E-A57E-E048B40D3527}.AndromedaDtMobile|Any CPU.Build.0 = Release|Any CPU
		{A5B4351C-89C5-438E-A57E-E048B40D3527}.AndromedaDyMobile|Any CPU.ActiveCfg = Release|Any CPU
		{A5B4351C-89C5-438E-A57E-E048B40D3527}.AndromedaDyMobile|Any CPU.Build.0 = Release|Any CPU
		{A5B4351C-89C5-438E-A57E-E048B40D3527}.DBACCESREFACTOR|Any CPU.ActiveCfg = Debug|Any CPU
		{A5B4351C-89C5-438E-A57E-E048B40D3527}.DBACCESREFACTOR|Any CPU.Build.0 = Debug|Any CPU
		{A5B4351C-89C5-438E-A57E-E048B40D3527}.Debug|Any CPU.ActiveCfg = Debug|Any CPU
		{A5B4351C-89C5-438E-A57E-E048B40D3527}.Debug|Any CPU.Build.0 = Debug|Any CPU
		{A5B4351C-89C5-438E-A57E-E048B40D3527}.Live|Any CPU.ActiveCfg = Release|Any CPU
		{A5B4351C-89C5-438E-A57E-E048B40D3527}.Live|Any CPU.Build.0 = Release|Any CPU
		{A5B4351C-89C5-438E-A57E-E048B40D3527}.Local|Any CPU.ActiveCfg = Release|Any CPU
		{A5B4351C-89C5-438E-A57E-E048B40D3527}.Local|Any CPU.Build.0 = Release|Any CPU
		{A5B4351C-89C5-438E-A57E-E048B40D3527}.LynxPocDoc|Any CPU.ActiveCfg = Release|Any CPU
		{A5B4351C-89C5-438E-A57E-E048B40D3527}.LynxPocDoc|Any CPU.Build.0 = Release|Any CPU
		{A5B4351C-89C5-438E-A57E-E048B40D3527}.Release|Any CPU.ActiveCfg = Release|Any CPU
		{A5B4351C-89C5-438E-A57E-E048B40D3527}.Release|Any CPU.Build.0 = Release|Any CPU
		{A5B4351C-89C5-438E-A57E-E048B40D3527}.Staging|Any CPU.ActiveCfg = Publish-Live|Any CPU
		{A5B4351C-89C5-438E-A57E-E048B40D3527}.Staging|Any CPU.Build.0 = Publish-Live|Any CPU
		{A5B4351C-89C5-438E-A57E-E048B40D3527}.Staging-Deploy|Any CPU.ActiveCfg = Staging-Deploy|Any CPU
		{A5B4351C-89C5-438E-A57E-E048B40D3527}.Staging-Deploy|Any CPU.Build.0 = Staging-Deploy|Any CPU
		{A5B4351C-89C5-438E-A57E-E048B40D3527}.Test mode|Any CPU.ActiveCfg = Release|Any CPU
		{A5B4351C-89C5-438E-A57E-E048B40D3527}.Test mode|Any CPU.Build.0 = Release|Any CPU
		{29A9C10C-A64E-4B75-925C-655BA00483CC}.Andromeda|Any CPU.ActiveCfg = LynxPocDoc|Any CPU
		{29A9C10C-A64E-4B75-925C-655BA00483CC}.Andromeda|Any CPU.Build.0 = LynxPocDoc|Any CPU
		{29A9C10C-A64E-4B75-925C-655BA00483CC}.AndromedaDtMobile|Any CPU.ActiveCfg = LynxPocDoc|Any CPU
		{29A9C10C-A64E-4B75-925C-655BA00483CC}.AndromedaDtMobile|Any CPU.Build.0 = LynxPocDoc|Any CPU
		{29A9C10C-A64E-4B75-925C-655BA00483CC}.AndromedaDyMobile|Any CPU.ActiveCfg = LynxPocDoc|Any CPU
		{29A9C10C-A64E-4B75-925C-655BA00483CC}.AndromedaDyMobile|Any CPU.Build.0 = LynxPocDoc|Any CPU
		{29A9C10C-A64E-4B75-925C-655BA00483CC}.DBACCESREFACTOR|Any CPU.ActiveCfg = Debug|Any CPU
		{29A9C10C-A64E-4B75-925C-655BA00483CC}.DBACCESREFACTOR|Any CPU.Build.0 = Debug|Any CPU
		{29A9C10C-A64E-4B75-925C-655BA00483CC}.Debug|Any CPU.ActiveCfg = Debug|Any CPU
		{29A9C10C-A64E-4B75-925C-655BA00483CC}.Debug|Any CPU.Build.0 = Debug|Any CPU
		{29A9C10C-A64E-4B75-925C-655BA00483CC}.Live|Any CPU.ActiveCfg = LynxPocDoc|Any CPU
		{29A9C10C-A64E-4B75-925C-655BA00483CC}.Live|Any CPU.Build.0 = LynxPocDoc|Any CPU
		{29A9C10C-A64E-4B75-925C-655BA00483CC}.Local|Any CPU.ActiveCfg = LynxPocDoc|Any CPU
		{29A9C10C-A64E-4B75-925C-655BA00483CC}.Local|Any CPU.Build.0 = LynxPocDoc|Any CPU
		{29A9C10C-A64E-4B75-925C-655BA00483CC}.LynxPocDoc|Any CPU.ActiveCfg = LynxPocDoc|Any CPU
		{29A9C10C-A64E-4B75-925C-655BA00483CC}.LynxPocDoc|Any CPU.Build.0 = LynxPocDoc|Any CPU
		{29A9C10C-A64E-4B75-925C-655BA00483CC}.Release|Any CPU.ActiveCfg = Release|Any CPU
		{29A9C10C-A64E-4B75-925C-655BA00483CC}.Release|Any CPU.Build.0 = Release|Any CPU
		{29A9C10C-A64E-4B75-925C-655BA00483CC}.Staging|Any CPU.ActiveCfg = Publish-Live|Any CPU
		{29A9C10C-A64E-4B75-925C-655BA00483CC}.Staging|Any CPU.Build.0 = Publish-Live|Any CPU
		{29A9C10C-A64E-4B75-925C-655BA00483CC}.Staging-Deploy|Any CPU.ActiveCfg = Staging-Deploy|Any CPU
		{29A9C10C-A64E-4B75-925C-655BA00483CC}.Staging-Deploy|Any CPU.Build.0 = Staging-Deploy|Any CPU
		{29A9C10C-A64E-4B75-925C-655BA00483CC}.Test mode|Any CPU.ActiveCfg = LynxPocDoc|Any CPU
		{29A9C10C-A64E-4B75-925C-655BA00483CC}.Test mode|Any CPU.Build.0 = LynxPocDoc|Any CPU
		{44B9C824-F3F7-4B95-9F59-87FDC93164DE}.Andromeda|Any CPU.ActiveCfg = LynxPocDoc|Any CPU
		{44B9C824-F3F7-4B95-9F59-87FDC93164DE}.Andromeda|Any CPU.Build.0 = LynxPocDoc|Any CPU
		{44B9C824-F3F7-4B95-9F59-87FDC93164DE}.AndromedaDtMobile|Any CPU.ActiveCfg = LynxPocDoc|Any CPU
		{44B9C824-F3F7-4B95-9F59-87FDC93164DE}.AndromedaDtMobile|Any CPU.Build.0 = LynxPocDoc|Any CPU
		{44B9C824-F3F7-4B95-9F59-87FDC93164DE}.AndromedaDyMobile|Any CPU.ActiveCfg = LynxPocDoc|Any CPU
		{44B9C824-F3F7-4B95-9F59-87FDC93164DE}.AndromedaDyMobile|Any CPU.Build.0 = LynxPocDoc|Any CPU
		{44B9C824-F3F7-4B95-9F59-87FDC93164DE}.DBACCESREFACTOR|Any CPU.ActiveCfg = Debug|Any CPU
		{44B9C824-F3F7-4B95-9F59-87FDC93164DE}.DBACCESREFACTOR|Any CPU.Build.0 = Debug|Any CPU
		{44B9C824-F3F7-4B95-9F59-87FDC93164DE}.Debug|Any CPU.ActiveCfg = Debug|Any CPU
		{44B9C824-F3F7-4B95-9F59-87FDC93164DE}.Debug|Any CPU.Build.0 = Debug|Any CPU
		{44B9C824-F3F7-4B95-9F59-87FDC93164DE}.Live|Any CPU.ActiveCfg = LynxPocDoc|Any CPU
		{44B9C824-F3F7-4B95-9F59-87FDC93164DE}.Live|Any CPU.Build.0 = LynxPocDoc|Any CPU
		{44B9C824-F3F7-4B95-9F59-87FDC93164DE}.Local|Any CPU.ActiveCfg = LynxPocDoc|Any CPU
		{44B9C824-F3F7-4B95-9F59-87FDC93164DE}.Local|Any CPU.Build.0 = LynxPocDoc|Any CPU
		{44B9C824-F3F7-4B95-9F59-87FDC93164DE}.LynxPocDoc|Any CPU.ActiveCfg = LynxPocDoc|Any CPU
		{44B9C824-F3F7-4B95-9F59-87FDC93164DE}.LynxPocDoc|Any CPU.Build.0 = LynxPocDoc|Any CPU
		{44B9C824-F3F7-4B95-9F59-87FDC93164DE}.Release|Any CPU.ActiveCfg = Release|Any CPU
		{44B9C824-F3F7-4B95-9F59-87FDC93164DE}.Release|Any CPU.Build.0 = Release|Any CPU
		{44B9C824-F3F7-4B95-9F59-87FDC93164DE}.Staging|Any CPU.ActiveCfg = Publish-Live|Any CPU
		{44B9C824-F3F7-4B95-9F59-87FDC93164DE}.Staging|Any CPU.Build.0 = Publish-Live|Any CPU
		{44B9C824-F3F7-4B95-9F59-87FDC93164DE}.Staging-Deploy|Any CPU.ActiveCfg = Staging-Deploy|Any CPU
		{44B9C824-F3F7-4B95-9F59-87FDC93164DE}.Staging-Deploy|Any CPU.Build.0 = Staging-Deploy|Any CPU
		{44B9C824-F3F7-4B95-9F59-87FDC93164DE}.Test mode|Any CPU.ActiveCfg = LynxPocDoc|Any CPU
		{44B9C824-F3F7-4B95-9F59-87FDC93164DE}.Test mode|Any CPU.Build.0 = LynxPocDoc|Any CPU
		{8327F3D8-91FD-4C90-B53D-4F34C8B58C93}.Andromeda|Any CPU.ActiveCfg = Release|Any CPU
		{8327F3D8-91FD-4C90-B53D-4F34C8B58C93}.Andromeda|Any CPU.Build.0 = Release|Any CPU
		{8327F3D8-91FD-4C90-B53D-4F34C8B58C93}.AndromedaDtMobile|Any CPU.ActiveCfg = Release|Any CPU
		{8327F3D8-91FD-4C90-B53D-4F34C8B58C93}.AndromedaDtMobile|Any CPU.Build.0 = Release|Any CPU
		{8327F3D8-91FD-4C90-B53D-4F34C8B58C93}.AndromedaDyMobile|Any CPU.ActiveCfg = Release|Any CPU
		{8327F3D8-91FD-4C90-B53D-4F34C8B58C93}.AndromedaDyMobile|Any CPU.Build.0 = Release|Any CPU
		{8327F3D8-91FD-4C90-B53D-4F34C8B58C93}.DBACCESREFACTOR|Any CPU.ActiveCfg = Debug|Any CPU
		{8327F3D8-91FD-4C90-B53D-4F34C8B58C93}.DBACCESREFACTOR|Any CPU.Build.0 = Debug|Any CPU
		{8327F3D8-91FD-4C90-B53D-4F34C8B58C93}.Debug|Any CPU.ActiveCfg = Debug|Any CPU
		{8327F3D8-91FD-4C90-B53D-4F34C8B58C93}.Debug|Any CPU.Build.0 = Debug|Any CPU
		{8327F3D8-91FD-4C90-B53D-4F34C8B58C93}.Live|Any CPU.ActiveCfg = Release|Any CPU
		{8327F3D8-91FD-4C90-B53D-4F34C8B58C93}.Live|Any CPU.Build.0 = Release|Any CPU
		{8327F3D8-91FD-4C90-B53D-4F34C8B58C93}.Local|Any CPU.ActiveCfg = Release|Any CPU
		{8327F3D8-91FD-4C90-B53D-4F34C8B58C93}.Local|Any CPU.Build.0 = Release|Any CPU
		{8327F3D8-91FD-4C90-B53D-4F34C8B58C93}.LynxPocDoc|Any CPU.ActiveCfg = Release|Any CPU
		{8327F3D8-91FD-4C90-B53D-4F34C8B58C93}.LynxPocDoc|Any CPU.Build.0 = Release|Any CPU
		{8327F3D8-91FD-4C90-B53D-4F34C8B58C93}.Release|Any CPU.ActiveCfg = Release|Any CPU
		{8327F3D8-91FD-4C90-B53D-4F34C8B58C93}.Release|Any CPU.Build.0 = Release|Any CPU
		{8327F3D8-91FD-4C90-B53D-4F34C8B58C93}.Staging|Any CPU.ActiveCfg = Publish-Live|Any CPU
		{8327F3D8-91FD-4C90-B53D-4F34C8B58C93}.Staging|Any CPU.Build.0 = Publish-Live|Any CPU
		{8327F3D8-91FD-4C90-B53D-4F34C8B58C93}.Staging-Deploy|Any CPU.ActiveCfg = Staging-Deploy|Any CPU
		{8327F3D8-91FD-4C90-B53D-4F34C8B58C93}.Staging-Deploy|Any CPU.Build.0 = Staging-Deploy|Any CPU
		{8327F3D8-91FD-4C90-B53D-4F34C8B58C93}.Test mode|Any CPU.ActiveCfg = Release|Any CPU
		{8327F3D8-91FD-4C90-B53D-4F34C8B58C93}.Test mode|Any CPU.Build.0 = Release|Any CPU
		{D4F4B377-8C25-466F-B42F-315FC44A6D33}.Andromeda|Any CPU.ActiveCfg = Release|Any CPU
		{D4F4B377-8C25-466F-B42F-315FC44A6D33}.Andromeda|Any CPU.Build.0 = Release|Any CPU
		{D4F4B377-8C25-466F-B42F-315FC44A6D33}.AndromedaDtMobile|Any CPU.ActiveCfg = Release|Any CPU
		{D4F4B377-8C25-466F-B42F-315FC44A6D33}.AndromedaDtMobile|Any CPU.Build.0 = Release|Any CPU
		{D4F4B377-8C25-466F-B42F-315FC44A6D33}.AndromedaDyMobile|Any CPU.ActiveCfg = Release|Any CPU
		{D4F4B377-8C25-466F-B42F-315FC44A6D33}.AndromedaDyMobile|Any CPU.Build.0 = Release|Any CPU
		{D4F4B377-8C25-466F-B42F-315FC44A6D33}.DBACCESREFACTOR|Any CPU.ActiveCfg = Debug|Any CPU
		{D4F4B377-8C25-466F-B42F-315FC44A6D33}.DBACCESREFACTOR|Any CPU.Build.0 = Debug|Any CPU
		{D4F4B377-8C25-466F-B42F-315FC44A6D33}.Debug|Any CPU.ActiveCfg = Debug|Any CPU
		{D4F4B377-8C25-466F-B42F-315FC44A6D33}.Debug|Any CPU.Build.0 = Debug|Any CPU
		{D4F4B377-8C25-466F-B42F-315FC44A6D33}.Live|Any CPU.ActiveCfg = Release|Any CPU
		{D4F4B377-8C25-466F-B42F-315FC44A6D33}.Live|Any CPU.Build.0 = Release|Any CPU
		{D4F4B377-8C25-466F-B42F-315FC44A6D33}.Local|Any CPU.ActiveCfg = Release|Any CPU
		{D4F4B377-8C25-466F-B42F-315FC44A6D33}.Local|Any CPU.Build.0 = Release|Any CPU
		{D4F4B377-8C25-466F-B42F-315FC44A6D33}.LynxPocDoc|Any CPU.ActiveCfg = Release|Any CPU
		{D4F4B377-8C25-466F-B42F-315FC44A6D33}.LynxPocDoc|Any CPU.Build.0 = Release|Any CPU
		{D4F4B377-8C25-466F-B42F-315FC44A6D33}.Release|Any CPU.ActiveCfg = Release|Any CPU
		{D4F4B377-8C25-466F-B42F-315FC44A6D33}.Release|Any CPU.Build.0 = Release|Any CPU
		{D4F4B377-8C25-466F-B42F-315FC44A6D33}.Staging|Any CPU.ActiveCfg = Publish-Live|Any CPU
		{D4F4B377-8C25-466F-B42F-315FC44A6D33}.Staging|Any CPU.Build.0 = Publish-Live|Any CPU
		{D4F4B377-8C25-466F-B42F-315FC44A6D33}.Staging-Deploy|Any CPU.ActiveCfg = Staging-Deploy|Any CPU
		{D4F4B377-8C25-466F-B42F-315FC44A6D33}.Staging-Deploy|Any CPU.Build.0 = Staging-Deploy|Any CPU
		{D4F4B377-8C25-466F-B42F-315FC44A6D33}.Test mode|Any CPU.ActiveCfg = Release|Any CPU
		{D4F4B377-8C25-466F-B42F-315FC44A6D33}.Test mode|Any CPU.Build.0 = Release|Any CPU
		{3FD2AC3A-F34E-433B-8A86-48FE54C51B00}.Andromeda|Any CPU.ActiveCfg = Release|Any CPU
		{3FD2AC3A-F34E-433B-8A86-48FE54C51B00}.Andromeda|Any CPU.Build.0 = Release|Any CPU
		{3FD2AC3A-F34E-433B-8A86-48FE54C51B00}.AndromedaDtMobile|Any CPU.ActiveCfg = Release|Any CPU
		{3FD2AC3A-F34E-433B-8A86-48FE54C51B00}.AndromedaDtMobile|Any CPU.Build.0 = Release|Any CPU
		{3FD2AC3A-F34E-433B-8A86-48FE54C51B00}.AndromedaDyMobile|Any CPU.ActiveCfg = Release|Any CPU
		{3FD2AC3A-F34E-433B-8A86-48FE54C51B00}.AndromedaDyMobile|Any CPU.Build.0 = Release|Any CPU
		{3FD2AC3A-F34E-433B-8A86-48FE54C51B00}.DBACCESREFACTOR|Any CPU.ActiveCfg = Debug|Any CPU
		{3FD2AC3A-F34E-433B-8A86-48FE54C51B00}.DBACCESREFACTOR|Any CPU.Build.0 = Debug|Any CPU
		{3FD2AC3A-F34E-433B-8A86-48FE54C51B00}.Debug|Any CPU.ActiveCfg = Debug|Any CPU
		{3FD2AC3A-F34E-433B-8A86-48FE54C51B00}.Debug|Any CPU.Build.0 = Debug|Any CPU
		{3FD2AC3A-F34E-433B-8A86-48FE54C51B00}.Live|Any CPU.ActiveCfg = Release|Any CPU
		{3FD2AC3A-F34E-433B-8A86-48FE54C51B00}.Live|Any CPU.Build.0 = Release|Any CPU
		{3FD2AC3A-F34E-433B-8A86-48FE54C51B00}.Local|Any CPU.ActiveCfg = Release|Any CPU
		{3FD2AC3A-F34E-433B-8A86-48FE54C51B00}.Local|Any CPU.Build.0 = Release|Any CPU
		{3FD2AC3A-F34E-433B-8A86-48FE54C51B00}.LynxPocDoc|Any CPU.ActiveCfg = Release|Any CPU
		{3FD2AC3A-F34E-433B-8A86-48FE54C51B00}.LynxPocDoc|Any CPU.Build.0 = Release|Any CPU
		{3FD2AC3A-F34E-433B-8A86-48FE54C51B00}.Release|Any CPU.ActiveCfg = Release|Any CPU
		{3FD2AC3A-F34E-433B-8A86-48FE54C51B00}.Release|Any CPU.Build.0 = Release|Any CPU
		{3FD2AC3A-F34E-433B-8A86-48FE54C51B00}.Staging|Any CPU.ActiveCfg = Publish-Live|Any CPU
		{3FD2AC3A-F34E-433B-8A86-48FE54C51B00}.Staging|Any CPU.Build.0 = Publish-Live|Any CPU
		{3FD2AC3A-F34E-433B-8A86-48FE54C51B00}.Staging-Deploy|Any CPU.ActiveCfg = Staging-Deploy|Any CPU
		{3FD2AC3A-F34E-433B-8A86-48FE54C51B00}.Staging-Deploy|Any CPU.Build.0 = Staging-Deploy|Any CPU
		{3FD2AC3A-F34E-433B-8A86-48FE54C51B00}.Test mode|Any CPU.ActiveCfg = Release|Any CPU
		{3FD2AC3A-F34E-433B-8A86-48FE54C51B00}.Test mode|Any CPU.Build.0 = Release|Any CPU
		{06AB1C3C-339F-4E31-8408-232DC283308C}.Andromeda|Any CPU.ActiveCfg = AndromedaDyMobile|Any CPU
		{06AB1C3C-339F-4E31-8408-232DC283308C}.Andromeda|Any CPU.Build.0 = AndromedaDyMobile|Any CPU
		{06AB1C3C-339F-4E31-8408-232DC283308C}.AndromedaDtMobile|Any CPU.ActiveCfg = AndromedaDtMobile|Any CPU
		{06AB1C3C-339F-4E31-8408-232DC283308C}.AndromedaDtMobile|Any CPU.Build.0 = AndromedaDtMobile|Any CPU
		{06AB1C3C-339F-4E31-8408-232DC283308C}.AndromedaDyMobile|Any CPU.ActiveCfg = AndromedaDyMobile|Any CPU
		{06AB1C3C-339F-4E31-8408-232DC283308C}.AndromedaDyMobile|Any CPU.Build.0 = AndromedaDyMobile|Any CPU
		{06AB1C3C-339F-4E31-8408-232DC283308C}.DBACCESREFACTOR|Any CPU.ActiveCfg = Debug|Any CPU
		{06AB1C3C-339F-4E31-8408-232DC283308C}.DBACCESREFACTOR|Any CPU.Build.0 = Debug|Any CPU
		{06AB1C3C-339F-4E31-8408-232DC283308C}.Debug|Any CPU.ActiveCfg = Debug|Any CPU
		{06AB1C3C-339F-4E31-8408-232DC283308C}.Debug|Any CPU.Build.0 = Debug|Any CPU
		{06AB1C3C-339F-4E31-8408-232DC283308C}.Live|Any CPU.ActiveCfg = AndromedaDyMobile|Any CPU
		{06AB1C3C-339F-4E31-8408-232DC283308C}.Live|Any CPU.Build.0 = AndromedaDyMobile|Any CPU
		{06AB1C3C-339F-4E31-8408-232DC283308C}.Local|Any CPU.ActiveCfg = AndromedaDyMobile|Any CPU
		{06AB1C3C-339F-4E31-8408-232DC283308C}.Local|Any CPU.Build.0 = AndromedaDyMobile|Any CPU
		{06AB1C3C-339F-4E31-8408-232DC283308C}.LynxPocDoc|Any CPU.ActiveCfg = AndromedaDyMobile|Any CPU
		{06AB1C3C-339F-4E31-8408-232DC283308C}.LynxPocDoc|Any CPU.Build.0 = AndromedaDyMobile|Any CPU
		{06AB1C3C-339F-4E31-8408-232DC283308C}.Release|Any CPU.ActiveCfg = Release|Any CPU
		{06AB1C3C-339F-4E31-8408-232DC283308C}.Release|Any CPU.Build.0 = Release|Any CPU
		{06AB1C3C-339F-4E31-8408-232DC283308C}.Staging|Any CPU.ActiveCfg = Publish-Live|Any CPU
		{06AB1C3C-339F-4E31-8408-232DC283308C}.Staging|Any CPU.Build.0 = Publish-Live|Any CPU
		{06AB1C3C-339F-4E31-8408-232DC283308C}.Staging-Deploy|Any CPU.ActiveCfg = Staging-Deploy|Any CPU
		{06AB1C3C-339F-4E31-8408-232DC283308C}.Staging-Deploy|Any CPU.Build.0 = Staging-Deploy|Any CPU
		{06AB1C3C-339F-4E31-8408-232DC283308C}.Test mode|Any CPU.ActiveCfg = AndromedaDyMobile|Any CPU
		{06AB1C3C-339F-4E31-8408-232DC283308C}.Test mode|Any CPU.Build.0 = AndromedaDyMobile|Any CPU
		{66354857-55B0-4A60-A79A-4445FC50B874}.Andromeda|Any CPU.ActiveCfg = Release|Any CPU
		{66354857-55B0-4A60-A79A-4445FC50B874}.Andromeda|Any CPU.Build.0 = Release|Any CPU
		{66354857-55B0-4A60-A79A-4445FC50B874}.AndromedaDtMobile|Any CPU.ActiveCfg = Release|Any CPU
		{66354857-55B0-4A60-A79A-4445FC50B874}.AndromedaDtMobile|Any CPU.Build.0 = Release|Any CPU
		{66354857-55B0-4A60-A79A-4445FC50B874}.AndromedaDyMobile|Any CPU.ActiveCfg = Release|Any CPU
		{66354857-55B0-4A60-A79A-4445FC50B874}.AndromedaDyMobile|Any CPU.Build.0 = Release|Any CPU
		{66354857-55B0-4A60-A79A-4445FC50B874}.DBACCESREFACTOR|Any CPU.ActiveCfg = Debug|Any CPU
		{66354857-55B0-4A60-A79A-4445FC50B874}.DBACCESREFACTOR|Any CPU.Build.0 = Debug|Any CPU
		{66354857-55B0-4A60-A79A-4445FC50B874}.Debug|Any CPU.ActiveCfg = Debug|Any CPU
		{66354857-55B0-4A60-A79A-4445FC50B874}.Debug|Any CPU.Build.0 = Debug|Any CPU
		{66354857-55B0-4A60-A79A-4445FC50B874}.Live|Any CPU.ActiveCfg = Release|Any CPU
		{66354857-55B0-4A60-A79A-4445FC50B874}.Live|Any CPU.Build.0 = Release|Any CPU
		{66354857-55B0-4A60-A79A-4445FC50B874}.Local|Any CPU.ActiveCfg = Release|Any CPU
		{66354857-55B0-4A60-A79A-4445FC50B874}.Local|Any CPU.Build.0 = Release|Any CPU
		{66354857-55B0-4A60-A79A-4445FC50B874}.LynxPocDoc|Any CPU.ActiveCfg = Release|Any CPU
		{66354857-55B0-4A60-A79A-4445FC50B874}.LynxPocDoc|Any CPU.Build.0 = Release|Any CPU
		{66354857-55B0-4A60-A79A-4445FC50B874}.Release|Any CPU.ActiveCfg = Release|Any CPU
		{66354857-55B0-4A60-A79A-4445FC50B874}.Release|Any CPU.Build.0 = Release|Any CPU
		{66354857-55B0-4A60-A79A-4445FC50B874}.Staging|Any CPU.ActiveCfg = Publish-Live|Any CPU
		{66354857-55B0-4A60-A79A-4445FC50B874}.Staging|Any CPU.Build.0 = Publish-Live|Any CPU
		{66354857-55B0-4A60-A79A-4445FC50B874}.Staging-Deploy|Any CPU.ActiveCfg = Staging-Deploy|Any CPU
		{66354857-55B0-4A60-A79A-4445FC50B874}.Staging-Deploy|Any CPU.Build.0 = Staging-Deploy|Any CPU
		{66354857-55B0-4A60-A79A-4445FC50B874}.Test mode|Any CPU.ActiveCfg = Release|Any CPU
		{66354857-55B0-4A60-A79A-4445FC50B874}.Test mode|Any CPU.Build.0 = Release|Any CPU
		{08FEF49E-52A6-4C81-89EA-CB0679804159}.Andromeda|Any CPU.ActiveCfg = AndromedaDyMobile|Any CPU
		{08FEF49E-52A6-4C81-89EA-CB0679804159}.Andromeda|Any CPU.Build.0 = AndromedaDyMobile|Any CPU
		{08FEF49E-52A6-4C81-89EA-CB0679804159}.AndromedaDtMobile|Any CPU.ActiveCfg = AndromedaDtMobile|Any CPU
		{08FEF49E-52A6-4C81-89EA-CB0679804159}.AndromedaDtMobile|Any CPU.Build.0 = AndromedaDtMobile|Any CPU
		{08FEF49E-52A6-4C81-89EA-CB0679804159}.AndromedaDyMobile|Any CPU.ActiveCfg = AndromedaDyMobile|Any CPU
		{08FEF49E-52A6-4C81-89EA-CB0679804159}.AndromedaDyMobile|Any CPU.Build.0 = AndromedaDyMobile|Any CPU
		{08FEF49E-52A6-4C81-89EA-CB0679804159}.DBACCESREFACTOR|Any CPU.ActiveCfg = DBACCESREFACTOR|Any CPU
		{08FEF49E-52A6-4C81-89EA-CB0679804159}.DBACCESREFACTOR|Any CPU.Build.0 = DBACCESREFACTOR|Any CPU
		{08FEF49E-52A6-4C81-89EA-CB0679804159}.Debug|Any CPU.ActiveCfg = Debug|Any CPU
		{08FEF49E-52A6-4C81-89EA-CB0679804159}.Debug|Any CPU.Build.0 = Debug|Any CPU
		{08FEF49E-52A6-4C81-89EA-CB0679804159}.Live|Any CPU.ActiveCfg = Local|Any CPU
		{08FEF49E-52A6-4C81-89EA-CB0679804159}.Live|Any CPU.Build.0 = Local|Any CPU
		{08FEF49E-52A6-4C81-89EA-CB0679804159}.Local|Any CPU.ActiveCfg = Local|Any CPU
		{08FEF49E-52A6-4C81-89EA-CB0679804159}.Local|Any CPU.Build.0 = Local|Any CPU
		{08FEF49E-52A6-4C81-89EA-CB0679804159}.LynxPocDoc|Any CPU.ActiveCfg = Local|Any CPU
		{08FEF49E-52A6-4C81-89EA-CB0679804159}.LynxPocDoc|Any CPU.Build.0 = Local|Any CPU
		{08FEF49E-52A6-4C81-89EA-CB0679804159}.Release|Any CPU.ActiveCfg = Release|Any CPU
		{08FEF49E-52A6-4C81-89EA-CB0679804159}.Release|Any CPU.Build.0 = Release|Any CPU
		{08FEF49E-52A6-4C81-89EA-CB0679804159}.Staging|Any CPU.ActiveCfg = Publish-Live|Any CPU
		{08FEF49E-52A6-4C81-89EA-CB0679804159}.Staging|Any CPU.Build.0 = Publish-Live|Any CPU
		{08FEF49E-52A6-4C81-89EA-CB0679804159}.Staging-Deploy|Any CPU.ActiveCfg = Staging-Deploy|Any CPU
		{08FEF49E-52A6-4C81-89EA-CB0679804159}.Staging-Deploy|Any CPU.Build.0 = Staging-Deploy|Any CPU
		{08FEF49E-52A6-4C81-89EA-CB0679804159}.Test mode|Any CPU.ActiveCfg = DBACCESREFACTOR|Any CPU
		{08FEF49E-52A6-4C81-89EA-CB0679804159}.Test mode|Any CPU.Build.0 = DBACCESREFACTOR|Any CPU
		{7C18D789-BCFE-40CC-818A-163C89370531}.Andromeda|Any CPU.ActiveCfg = Release|Any CPU
		{7C18D789-BCFE-40CC-818A-163C89370531}.Andromeda|Any CPU.Build.0 = Release|Any CPU
		{7C18D789-BCFE-40CC-818A-163C89370531}.AndromedaDtMobile|Any CPU.ActiveCfg = Release|Any CPU
		{7C18D789-BCFE-40CC-818A-163C89370531}.AndromedaDtMobile|Any CPU.Build.0 = Release|Any CPU
		{7C18D789-BCFE-40CC-818A-163C89370531}.AndromedaDyMobile|Any CPU.ActiveCfg = Release|Any CPU
		{7C18D789-BCFE-40CC-818A-163C89370531}.AndromedaDyMobile|Any CPU.Build.0 = Release|Any CPU
		{7C18D789-BCFE-40CC-818A-163C89370531}.DBACCESREFACTOR|Any CPU.ActiveCfg = Debug|Any CPU
		{7C18D789-BCFE-40CC-818A-163C89370531}.DBACCESREFACTOR|Any CPU.Build.0 = Debug|Any CPU
		{7C18D789-BCFE-40CC-818A-163C89370531}.Debug|Any CPU.ActiveCfg = Debug|Any CPU
		{7C18D789-BCFE-40CC-818A-163C89370531}.Debug|Any CPU.Build.0 = Debug|Any CPU
		{7C18D789-BCFE-40CC-818A-163C89370531}.Live|Any CPU.ActiveCfg = Release|Any CPU
		{7C18D789-BCFE-40CC-818A-163C89370531}.Live|Any CPU.Build.0 = Release|Any CPU
		{7C18D789-BCFE-40CC-818A-163C89370531}.Local|Any CPU.ActiveCfg = Release|Any CPU
		{7C18D789-BCFE-40CC-818A-163C89370531}.Local|Any CPU.Build.0 = Release|Any CPU
		{7C18D789-BCFE-40CC-818A-163C89370531}.LynxPocDoc|Any CPU.ActiveCfg = Release|Any CPU
		{7C18D789-BCFE-40CC-818A-163C89370531}.LynxPocDoc|Any CPU.Build.0 = Release|Any CPU
		{7C18D789-BCFE-40CC-818A-163C89370531}.Release|Any CPU.ActiveCfg = Release|Any CPU
		{7C18D789-BCFE-40CC-818A-163C89370531}.Release|Any CPU.Build.0 = Release|Any CPU
		{7C18D789-BCFE-40CC-818A-163C89370531}.Staging|Any CPU.ActiveCfg = Publish-Live|Any CPU
		{7C18D789-BCFE-40CC-818A-163C89370531}.Staging|Any CPU.Build.0 = Publish-Live|Any CPU
		{7C18D789-BCFE-40CC-818A-163C89370531}.Staging-Deploy|Any CPU.ActiveCfg = Staging-Deploy|Any CPU
		{7C18D789-BCFE-40CC-818A-163C89370531}.Staging-Deploy|Any CPU.Build.0 = Staging-Deploy|Any CPU
		{7C18D789-BCFE-40CC-818A-163C89370531}.Test mode|Any CPU.ActiveCfg = Release|Any CPU
		{7C18D789-BCFE-40CC-818A-163C89370531}.Test mode|Any CPU.Build.0 = Release|Any CPU
		{3B9F11BC-018F-4F4E-AC96-708A2B1F86FC}.Andromeda|Any CPU.ActiveCfg = Release|Any CPU
		{3B9F11BC-018F-4F4E-AC96-708A2B1F86FC}.Andromeda|Any CPU.Build.0 = Release|Any CPU
		{3B9F11BC-018F-4F4E-AC96-708A2B1F86FC}.AndromedaDtMobile|Any CPU.ActiveCfg = Release|Any CPU
		{3B9F11BC-018F-4F4E-AC96-708A2B1F86FC}.AndromedaDtMobile|Any CPU.Build.0 = Release|Any CPU
		{3B9F11BC-018F-4F4E-AC96-708A2B1F86FC}.AndromedaDyMobile|Any CPU.ActiveCfg = Release|Any CPU
		{3B9F11BC-018F-4F4E-AC96-708A2B1F86FC}.AndromedaDyMobile|Any CPU.Build.0 = Release|Any CPU
		{3B9F11BC-018F-4F4E-AC96-708A2B1F86FC}.DBACCESREFACTOR|Any CPU.ActiveCfg = Debug|Any CPU
		{3B9F11BC-018F-4F4E-AC96-708A2B1F86FC}.DBACCESREFACTOR|Any CPU.Build.0 = Debug|Any CPU
		{3B9F11BC-018F-4F4E-AC96-708A2B1F86FC}.Debug|Any CPU.ActiveCfg = Debug|Any CPU
		{3B9F11BC-018F-4F4E-AC96-708A2B1F86FC}.Debug|Any CPU.Build.0 = Debug|Any CPU
		{3B9F11BC-018F-4F4E-AC96-708A2B1F86FC}.Live|Any CPU.ActiveCfg = Release|Any CPU
		{3B9F11BC-018F-4F4E-AC96-708A2B1F86FC}.Live|Any CPU.Build.0 = Release|Any CPU
		{3B9F11BC-018F-4F4E-AC96-708A2B1F86FC}.Local|Any CPU.ActiveCfg = Release|Any CPU
		{3B9F11BC-018F-4F4E-AC96-708A2B1F86FC}.Local|Any CPU.Build.0 = Release|Any CPU
		{3B9F11BC-018F-4F4E-AC96-708A2B1F86FC}.LynxPocDoc|Any CPU.ActiveCfg = Release|Any CPU
		{3B9F11BC-018F-4F4E-AC96-708A2B1F86FC}.LynxPocDoc|Any CPU.Build.0 = Release|Any CPU
		{3B9F11BC-018F-4F4E-AC96-708A2B1F86FC}.Release|Any CPU.ActiveCfg = Release|Any CPU
		{3B9F11BC-018F-4F4E-AC96-708A2B1F86FC}.Release|Any CPU.Build.0 = Release|Any CPU
		{3B9F11BC-018F-4F4E-AC96-708A2B1F86FC}.Staging|Any CPU.ActiveCfg = Publish-Live|Any CPU
		{3B9F11BC-018F-4F4E-AC96-708A2B1F86FC}.Staging|Any CPU.Build.0 = Publish-Live|Any CPU
		{3B9F11BC-018F-4F4E-AC96-708A2B1F86FC}.Staging-Deploy|Any CPU.ActiveCfg = Deploy-Local-Healthcare|Any CPU
		{3B9F11BC-018F-4F4E-AC96-708A2B1F86FC}.Staging-Deploy|Any CPU.Build.0 = Deploy-Local-Healthcare|Any CPU
		{3B9F11BC-018F-4F4E-AC96-708A2B1F86FC}.Test mode|Any CPU.ActiveCfg = Release|Any CPU
		{3B9F11BC-018F-4F4E-AC96-708A2B1F86FC}.Test mode|Any CPU.Build.0 = Release|Any CPU
		{5FE027FB-A11C-44A2-9F60-0EC9ACFE4EBA}.Andromeda|Any CPU.ActiveCfg = LynxPocDoc|Any CPU
		{5FE027FB-A11C-44A2-9F60-0EC9ACFE4EBA}.Andromeda|Any CPU.Build.0 = LynxPocDoc|Any CPU
		{5FE027FB-A11C-44A2-9F60-0EC9ACFE4EBA}.AndromedaDtMobile|Any CPU.ActiveCfg = LynxPocDoc|Any CPU
		{5FE027FB-A11C-44A2-9F60-0EC9ACFE4EBA}.AndromedaDtMobile|Any CPU.Build.0 = LynxPocDoc|Any CPU
		{5FE027FB-A11C-44A2-9F60-0EC9ACFE4EBA}.AndromedaDyMobile|Any CPU.ActiveCfg = LynxPocDoc|Any CPU
		{5FE027FB-A11C-44A2-9F60-0EC9ACFE4EBA}.AndromedaDyMobile|Any CPU.Build.0 = LynxPocDoc|Any CPU
		{5FE027FB-A11C-44A2-9F60-0EC9ACFE4EBA}.DBACCESREFACTOR|Any CPU.ActiveCfg = DBACCESREFACTOR|Any CPU
		{5FE027FB-A11C-44A2-9F60-0EC9ACFE4EBA}.DBACCESREFACTOR|Any CPU.Build.0 = DBACCESREFACTOR|Any CPU
		{5FE027FB-A11C-44A2-9F60-0EC9ACFE4EBA}.Debug|Any CPU.ActiveCfg = Debug|Any CPU
		{5FE027FB-A11C-44A2-9F60-0EC9ACFE4EBA}.Debug|Any CPU.Build.0 = Debug|Any CPU
		{5FE027FB-A11C-44A2-9F60-0EC9ACFE4EBA}.Live|Any CPU.ActiveCfg = LynxPocDoc|Any CPU
		{5FE027FB-A11C-44A2-9F60-0EC9ACFE4EBA}.Live|Any CPU.Build.0 = LynxPocDoc|Any CPU
		{5FE027FB-A11C-44A2-9F60-0EC9ACFE4EBA}.Local|Any CPU.ActiveCfg = Local|Any CPU
		{5FE027FB-A11C-44A2-9F60-0EC9ACFE4EBA}.Local|Any CPU.Build.0 = Local|Any CPU
		{5FE027FB-A11C-44A2-9F60-0EC9ACFE4EBA}.LynxPocDoc|Any CPU.ActiveCfg = LynxPocDoc|Any CPU
		{5FE027FB-A11C-44A2-9F60-0EC9ACFE4EBA}.LynxPocDoc|Any CPU.Build.0 = LynxPocDoc|Any CPU
		{5FE027FB-A11C-44A2-9F60-0EC9ACFE4EBA}.Release|Any CPU.ActiveCfg = Release|Any CPU
		{5FE027FB-A11C-44A2-9F60-0EC9ACFE4EBA}.Release|Any CPU.Build.0 = Release|Any CPU
		{5FE027FB-A11C-44A2-9F60-0EC9ACFE4EBA}.Staging|Any CPU.ActiveCfg = Publish-Live|Any CPU
		{5FE027FB-A11C-44A2-9F60-0EC9ACFE4EBA}.Staging|Any CPU.Build.0 = Publish-Live|Any CPU
		{5FE027FB-A11C-44A2-9F60-0EC9ACFE4EBA}.Staging-Deploy|Any CPU.ActiveCfg = Staging-Deploy|Any CPU
		{5FE027FB-A11C-44A2-9F60-0EC9ACFE4EBA}.Staging-Deploy|Any CPU.Build.0 = Staging-Deploy|Any CPU
		{5FE027FB-A11C-44A2-9F60-0EC9ACFE4EBA}.Test mode|Any CPU.ActiveCfg = LynxPocDoc|Any CPU
		{5FE027FB-A11C-44A2-9F60-0EC9ACFE4EBA}.Test mode|Any CPU.Build.0 = LynxPocDoc|Any CPU
		{58245A4D-887C-4AA1-B01E-7E6779C4F096}.Andromeda|Any CPU.ActiveCfg = AndromedaDyMobile|Any CPU
		{58245A4D-887C-4AA1-B01E-7E6779C4F096}.Andromeda|Any CPU.Build.0 = AndromedaDyMobile|Any CPU
		{58245A4D-887C-4AA1-B01E-7E6779C4F096}.AndromedaDtMobile|Any CPU.ActiveCfg = AndromedaDtMobile|Any CPU
		{58245A4D-887C-4AA1-B01E-7E6779C4F096}.AndromedaDtMobile|Any CPU.Build.0 = AndromedaDtMobile|Any CPU
		{58245A4D-887C-4AA1-B01E-7E6779C4F096}.AndromedaDyMobile|Any CPU.ActiveCfg = AndromedaDyMobile|Any CPU
		{58245A4D-887C-4AA1-B01E-7E6779C4F096}.AndromedaDyMobile|Any CPU.Build.0 = AndromedaDyMobile|Any CPU
		{58245A4D-887C-4AA1-B01E-7E6779C4F096}.DBACCESREFACTOR|Any CPU.ActiveCfg = DBACCESREFACTOR|Any CPU
		{58245A4D-887C-4AA1-B01E-7E6779C4F096}.DBACCESREFACTOR|Any CPU.Build.0 = DBACCESREFACTOR|Any CPU
		{58245A4D-887C-4AA1-B01E-7E6779C4F096}.Debug|Any CPU.ActiveCfg = Debug|Any CPU
		{58245A4D-887C-4AA1-B01E-7E6779C4F096}.Debug|Any CPU.Build.0 = Debug|Any CPU
		{58245A4D-887C-4AA1-B01E-7E6779C4F096}.Live|Any CPU.ActiveCfg = Local|Any CPU
		{58245A4D-887C-4AA1-B01E-7E6779C4F096}.Live|Any CPU.Build.0 = Local|Any CPU
		{58245A4D-887C-4AA1-B01E-7E6779C4F096}.Local|Any CPU.ActiveCfg = Local|Any CPU
		{58245A4D-887C-4AA1-B01E-7E6779C4F096}.Local|Any CPU.Build.0 = Local|Any CPU
		{58245A4D-887C-4AA1-B01E-7E6779C4F096}.LynxPocDoc|Any CPU.ActiveCfg = Local|Any CPU
		{58245A4D-887C-4AA1-B01E-7E6779C4F096}.LynxPocDoc|Any CPU.Build.0 = Local|Any CPU
		{58245A4D-887C-4AA1-B01E-7E6779C4F096}.Release|Any CPU.ActiveCfg = Release|Any CPU
		{58245A4D-887C-4AA1-B01E-7E6779C4F096}.Release|Any CPU.Build.0 = Release|Any CPU
		{58245A4D-887C-4AA1-B01E-7E6779C4F096}.Staging|Any CPU.ActiveCfg = Publish-Live|Any CPU
		{58245A4D-887C-4AA1-B01E-7E6779C4F096}.Staging|Any CPU.Build.0 = Publish-Live|Any CPU
		{58245A4D-887C-4AA1-B01E-7E6779C4F096}.Staging-Deploy|Any CPU.ActiveCfg = Staging-Deploy|Any CPU
		{58245A4D-887C-4AA1-B01E-7E6779C4F096}.Staging-Deploy|Any CPU.Build.0 = Staging-Deploy|Any CPU
		{58245A4D-887C-4AA1-B01E-7E6779C4F096}.Test mode|Any CPU.ActiveCfg = DBACCESREFACTOR|Any CPU
		{58245A4D-887C-4AA1-B01E-7E6779C4F096}.Test mode|Any CPU.Build.0 = DBACCESREFACTOR|Any CPU
		{B5AA6031-A2A9-4642-ABF6-2290C8DEEDC6}.Andromeda|Any CPU.ActiveCfg = Release|Any CPU
		{B5AA6031-A2A9-4642-ABF6-2290C8DEEDC6}.Andromeda|Any CPU.Build.0 = Release|Any CPU
		{B5AA6031-A2A9-4642-ABF6-2290C8DEEDC6}.AndromedaDtMobile|Any CPU.ActiveCfg = Release|Any CPU
		{B5AA6031-A2A9-4642-ABF6-2290C8DEEDC6}.AndromedaDtMobile|Any CPU.Build.0 = Release|Any CPU
		{B5AA6031-A2A9-4642-ABF6-2290C8DEEDC6}.AndromedaDyMobile|Any CPU.ActiveCfg = Release|Any CPU
		{B5AA6031-A2A9-4642-ABF6-2290C8DEEDC6}.AndromedaDyMobile|Any CPU.Build.0 = Release|Any CPU
		{B5AA6031-A2A9-4642-ABF6-2290C8DEEDC6}.DBACCESREFACTOR|Any CPU.ActiveCfg = Debug|Any CPU
		{B5AA6031-A2A9-4642-ABF6-2290C8DEEDC6}.DBACCESREFACTOR|Any CPU.Build.0 = Debug|Any CPU
		{B5AA6031-A2A9-4642-ABF6-2290C8DEEDC6}.Debug|Any CPU.ActiveCfg = Debug|Any CPU
		{B5AA6031-A2A9-4642-ABF6-2290C8DEEDC6}.Debug|Any CPU.Build.0 = Debug|Any CPU
		{B5AA6031-A2A9-4642-ABF6-2290C8DEEDC6}.Live|Any CPU.ActiveCfg = Release|Any CPU
		{B5AA6031-A2A9-4642-ABF6-2290C8DEEDC6}.Live|Any CPU.Build.0 = Release|Any CPU
		{B5AA6031-A2A9-4642-ABF6-2290C8DEEDC6}.Local|Any CPU.ActiveCfg = Release|Any CPU
		{B5AA6031-A2A9-4642-ABF6-2290C8DEEDC6}.Local|Any CPU.Build.0 = Release|Any CPU
		{B5AA6031-A2A9-4642-ABF6-2290C8DEEDC6}.LynxPocDoc|Any CPU.ActiveCfg = Release|Any CPU
		{B5AA6031-A2A9-4642-ABF6-2290C8DEEDC6}.LynxPocDoc|Any CPU.Build.0 = Release|Any CPU
		{B5AA6031-A2A9-4642-ABF6-2290C8DEEDC6}.Release|Any CPU.ActiveCfg = Release|Any CPU
		{B5AA6031-A2A9-4642-ABF6-2290C8DEEDC6}.Release|Any CPU.Build.0 = Release|Any CPU
		{B5AA6031-A2A9-4642-ABF6-2290C8DEEDC6}.Staging|Any CPU.ActiveCfg = Publish-Live|Any CPU
		{B5AA6031-A2A9-4642-ABF6-2290C8DEEDC6}.Staging|Any CPU.Build.0 = Publish-Live|Any CPU
		{B5AA6031-A2A9-4642-ABF6-2290C8DEEDC6}.Staging-Deploy|Any CPU.ActiveCfg = Deploy-Local-Healthcare|Any CPU
		{B5AA6031-A2A9-4642-ABF6-2290C8DEEDC6}.Staging-Deploy|Any CPU.Build.0 = Deploy-Local-Healthcare|Any CPU
		{B5AA6031-A2A9-4642-ABF6-2290C8DEEDC6}.Test mode|Any CPU.ActiveCfg = Release|Any CPU
		{B5AA6031-A2A9-4642-ABF6-2290C8DEEDC6}.Test mode|Any CPU.Build.0 = Release|Any CPU
		{AB0EAAFB-D407-47D2-A9EC-E2DE565EA145}.Andromeda|Any CPU.ActiveCfg = Release|Any CPU
		{AB0EAAFB-D407-47D2-A9EC-E2DE565EA145}.Andromeda|Any CPU.Build.0 = Release|Any CPU
		{AB0EAAFB-D407-47D2-A9EC-E2DE565EA145}.AndromedaDtMobile|Any CPU.ActiveCfg = Release|Any CPU
		{AB0EAAFB-D407-47D2-A9EC-E2DE565EA145}.AndromedaDtMobile|Any CPU.Build.0 = Release|Any CPU
		{AB0EAAFB-D407-47D2-A9EC-E2DE565EA145}.AndromedaDyMobile|Any CPU.ActiveCfg = Release|Any CPU
		{AB0EAAFB-D407-47D2-A9EC-E2DE565EA145}.AndromedaDyMobile|Any CPU.Build.0 = Release|Any CPU
		{AB0EAAFB-D407-47D2-A9EC-E2DE565EA145}.DBACCESREFACTOR|Any CPU.ActiveCfg = Debug|Any CPU
		{AB0EAAFB-D407-47D2-A9EC-E2DE565EA145}.DBACCESREFACTOR|Any CPU.Build.0 = Debug|Any CPU
		{AB0EAAFB-D407-47D2-A9EC-E2DE565EA145}.Debug|Any CPU.ActiveCfg = Debug|Any CPU
		{AB0EAAFB-D407-47D2-A9EC-E2DE565EA145}.Debug|Any CPU.Build.0 = Debug|Any CPU
		{AB0EAAFB-D407-47D2-A9EC-E2DE565EA145}.Live|Any CPU.ActiveCfg = Release|Any CPU
		{AB0EAAFB-D407-47D2-A9EC-E2DE565EA145}.Live|Any CPU.Build.0 = Release|Any CPU
		{AB0EAAFB-D407-47D2-A9EC-E2DE565EA145}.Local|Any CPU.ActiveCfg = Release|Any CPU
		{AB0EAAFB-D407-47D2-A9EC-E2DE565EA145}.Local|Any CPU.Build.0 = Release|Any CPU
		{AB0EAAFB-D407-47D2-A9EC-E2DE565EA145}.LynxPocDoc|Any CPU.ActiveCfg = Release|Any CPU
		{AB0EAAFB-D407-47D2-A9EC-E2DE565EA145}.LynxPocDoc|Any CPU.Build.0 = Release|Any CPU
		{AB0EAAFB-D407-47D2-A9EC-E2DE565EA145}.Release|Any CPU.ActiveCfg = Release|Any CPU
		{AB0EAAFB-D407-47D2-A9EC-E2DE565EA145}.Release|Any CPU.Build.0 = Release|Any CPU
		{AB0EAAFB-D407-47D2-A9EC-E2DE565EA145}.Staging|Any CPU.ActiveCfg = Release|Any CPU
		{AB0EAAFB-D407-47D2-A9EC-E2DE565EA145}.Staging|Any CPU.Build.0 = Release|Any CPU
		{AB0EAAFB-D407-47D2-A9EC-E2DE565EA145}.Staging-Deploy|Any CPU.ActiveCfg = Release|Any CPU
		{AB0EAAFB-D407-47D2-A9EC-E2DE565EA145}.Staging-Deploy|Any CPU.Build.0 = Release|Any CPU
		{AB0EAAFB-D407-47D2-A9EC-E2DE565EA145}.Test mode|Any CPU.ActiveCfg = Release|Any CPU
		{AB0EAAFB-D407-47D2-A9EC-E2DE565EA145}.Test mode|Any CPU.Build.0 = Release|Any CPU
	EndGlobalSection
	GlobalSection(SolutionProperties) = preSolution
		HideSolutionNode = FALSE
	EndGlobalSection
	GlobalSection(NestedProjects) = preSolution
		{915CBE7A-B8A3-4532-9F53-16140DF9A1E1} = {8C7C7533-8230-4500-A4B8-C44A773E2DDE}
		{1F7A29F4-4764-4D82-9D48-0A7E4FFDDB2A} = {8C7C7533-8230-4500-A4B8-C44A773E2DDE}
		{EEF71E87-FA3A-45CA-A001-EBF6CC97FF99} = {20423C28-65C4-474F-8AD3-F9BE6FCBC33B}
		{D33EBD03-020F-4E51-BB09-AB20535A6F72} = {20423C28-65C4-474F-8AD3-F9BE6FCBC33B}
		{63A878AC-69FF-45F8-8194-F27D7DDEC716} = {20423C28-65C4-474F-8AD3-F9BE6FCBC33B}
		{8A936290-4628-4F28-9639-9B65915A0C8C} = {20423C28-65C4-474F-8AD3-F9BE6FCBC33B}
		{FEAB6F0E-56F1-43D4-BEF0-988B26474DD2} = {915CBE7A-B8A3-4532-9F53-16140DF9A1E1}
		{6C90052F-9EBC-48F7-806B-6D5430AECFBF} = {915CBE7A-B8A3-4532-9F53-16140DF9A1E1}
		{3C164500-BF5F-4173-B1A8-154A38372773} = {915CBE7A-B8A3-4532-9F53-16140DF9A1E1}
		{031C04C9-08CD-4833-AF41-A9B64D337CA6} = {915CBE7A-B8A3-4532-9F53-16140DF9A1E1}
		{C453F5A9-9877-4197-A5E3-403EF6A0455D} = {915CBE7A-B8A3-4532-9F53-16140DF9A1E1}
		{63F92C99-99E4-48AC-8AC3-1627ED7831DF} = {915CBE7A-B8A3-4532-9F53-16140DF9A1E1}
		{768C60E8-0C7F-42B2-B8C9-D327C6BF334A} = {915CBE7A-B8A3-4532-9F53-16140DF9A1E1}
		{6BDA1EB4-FA2A-41A1-8B83-171ED9B85ADD} = {915CBE7A-B8A3-4532-9F53-16140DF9A1E1}
		{DDB8AC6E-2BA5-45A3-9D78-BECDB89DD06C} = {915CBE7A-B8A3-4532-9F53-16140DF9A1E1}
		{433FAF4C-828D-40D3-9AC1-36B8D9167771} = {915CBE7A-B8A3-4532-9F53-16140DF9A1E1}
		{17E35F8F-6972-4EE9-8135-396798E493C8} = {915CBE7A-B8A3-4532-9F53-16140DF9A1E1}
		{F66B8F6F-EC2C-4867-9D07-D4E9850E8933} = {915CBE7A-B8A3-4532-9F53-16140DF9A1E1}
		{2ED9EC1F-4C36-4790-B8AE-6C03F4B40588} = {915CBE7A-B8A3-4532-9F53-16140DF9A1E1}
		{A5B4351C-89C5-438E-A57E-E048B40D3527} = {915CBE7A-B8A3-4532-9F53-16140DF9A1E1}
		{29A9C10C-A64E-4B75-925C-655BA00483CC} = {915CBE7A-B8A3-4532-9F53-16140DF9A1E1}
		{44B9C824-F3F7-4B95-9F59-87FDC93164DE} = {915CBE7A-B8A3-4532-9F53-16140DF9A1E1}
		{8327F3D8-91FD-4C90-B53D-4F34C8B58C93} = {915CBE7A-B8A3-4532-9F53-16140DF9A1E1}
		{D4F4B377-8C25-466F-B42F-315FC44A6D33} = {915CBE7A-B8A3-4532-9F53-16140DF9A1E1}
		{3FD2AC3A-F34E-433B-8A86-48FE54C51B00} = {915CBE7A-B8A3-4532-9F53-16140DF9A1E1}
		{06AB1C3C-339F-4E31-8408-232DC283308C} = {915CBE7A-B8A3-4532-9F53-16140DF9A1E1}
		{66354857-55B0-4A60-A79A-4445FC50B874} = {915CBE7A-B8A3-4532-9F53-16140DF9A1E1}
		{08FEF49E-52A6-4C81-89EA-CB0679804159} = {915CBE7A-B8A3-4532-9F53-16140DF9A1E1}
		{7C18D789-BCFE-40CC-818A-163C89370531} = {20423C28-65C4-474F-8AD3-F9BE6FCBC33B}
		{3B9F11BC-018F-4F4E-AC96-708A2B1F86FC} = {20423C28-65C4-474F-8AD3-F9BE6FCBC33B}
		{5FE027FB-A11C-44A2-9F60-0EC9ACFE4EBA} = {915CBE7A-B8A3-4532-9F53-16140DF9A1E1}
		{58245A4D-887C-4AA1-B01E-7E6779C4F096} = {8C7C7533-8230-4500-A4B8-C44A773E2DDE}
		{B5AA6031-A2A9-4642-ABF6-2290C8DEEDC6} = {20423C28-65C4-474F-8AD3-F9BE6FCBC33B}
	EndGlobalSection
EndGlobal
