
Microsoft Visual Studio Solution File, Format Version 11.00
# Visual Studio 2010
Project("{FAE04EC0-301F-11D3-BF4B-00C04F79EFBC}") = "CL2_CostCenter", "CL2_CostCenter.csproj", "{FD5C6CED-1BA8-429F-BAC3-B04F044F8251}"
EndProject
Global
	GlobalSection(SolutionConfigurationPlatforms) = preSolution
		Debug|Any CPU = Debug|Any CPU
		Release|Any CPU = Release|Any CPU
	EndGlobalSection
	GlobalSection(ProjectConfigurationPlatforms) = postSolution
		{FD5C6CED-1BA8-429F-BAC3-B04F044F8251}.Debug|Any CPU.ActiveCfg = Debug|Any CPU
		{FD5C6CED-1BA8-429F-BAC3-B04F044F8251}.Debug|Any CPU.Build.0 = Debug|Any CPU
		{FD5C6CED-1BA8-429F-BAC3-B04F044F8251}.Release|Any CPU.ActiveCfg = Release|Any CPU
		{FD5C6CED-1BA8-429F-BAC3-B04F044F8251}.Release|Any CPU.Build.0 = Release|Any CPU
	EndGlobalSection
	GlobalSection(SolutionProperties) = preSolution
		HideSolutionNode = FALSE
	EndGlobalSection
EndGlobal
