
Microsoft Visual Studio Solution File, Format Version 11.00
# Visual Studio 2010
Project("{FAE04EC0-301F-11D3-BF4B-00C04F79EFBC}") = "CL3_Catalog", "CL3_Catalog.csproj", "{8CAB15CA-C9C9-4223-A599-873DD0CDE853}"
EndProject
Global
	GlobalSection(SolutionConfigurationPlatforms) = preSolution
		Debug|Any CPU = Debug|Any CPU
		Release|Any CPU = Release|Any CPU
	EndGlobalSection
	GlobalSection(ProjectConfigurationPlatforms) = postSolution
		{8CAB15CA-C9C9-4223-A599-873DD0CDE853}.Debug|Any CPU.ActiveCfg = Debug|Any CPU
		{8CAB15CA-C9C9-4223-A599-873DD0CDE853}.Debug|Any CPU.Build.0 = Debug|Any CPU
		{8CAB15CA-C9C9-4223-A599-873DD0CDE853}.Release|Any CPU.ActiveCfg = Release|Any CPU
		{8CAB15CA-C9C9-4223-A599-873DD0CDE853}.Release|Any CPU.Build.0 = Release|Any CPU
	EndGlobalSection
	GlobalSection(SolutionProperties) = preSolution
		HideSolutionNode = FALSE
	EndGlobalSection
EndGlobal
