
Microsoft Visual Studio Solution File, Format Version 11.00
# Visual Studio 2010
Project("{FAE04EC0-301F-11D3-BF4B-00C04F79EFBC}") = "CL1_CMN_PRO_CUS", "CL1_CMN_PRO_CUS.csproj", "{7E7F237C-8257-4339-BB65-8471C48E9CDA}"
EndProject
Global
	GlobalSection(SolutionConfigurationPlatforms) = preSolution
		Debug|Any CPU = Debug|Any CPU
		Release|Any CPU = Release|Any CPU
	EndGlobalSection
	GlobalSection(ProjectConfigurationPlatforms) = postSolution
		{7E7F237C-8257-4339-BB65-8471C48E9CDA}.Debug|Any CPU.ActiveCfg = Debug|Any CPU
		{7E7F237C-8257-4339-BB65-8471C48E9CDA}.Debug|Any CPU.Build.0 = Debug|Any CPU
		{7E7F237C-8257-4339-BB65-8471C48E9CDA}.Release|Any CPU.ActiveCfg = Release|Any CPU
		{7E7F237C-8257-4339-BB65-8471C48E9CDA}.Release|Any CPU.Build.0 = Release|Any CPU
	EndGlobalSection
	GlobalSection(SolutionProperties) = preSolution
		HideSolutionNode = FALSE
	EndGlobalSection
EndGlobal
