
Microsoft Visual Studio Solution File, Format Version 11.00
# Visual Studio 2010
Project("{FAE04EC0-301F-11D3-BF4B-00C04F79EFBC}") = "CL3_Product", "CL3_Product.csproj", "{737719E7-E00F-40A8-B2B1-0FF1200B39F5}"
EndProject
Global
	GlobalSection(SolutionConfigurationPlatforms) = preSolution
		Debug|Any CPU = Debug|Any CPU
		Release|Any CPU = Release|Any CPU
	EndGlobalSection
	GlobalSection(ProjectConfigurationPlatforms) = postSolution
		{737719E7-E00F-40A8-B2B1-0FF1200B39F5}.Debug|Any CPU.ActiveCfg = Debug|Any CPU
		{737719E7-E00F-40A8-B2B1-0FF1200B39F5}.Debug|Any CPU.Build.0 = Debug|Any CPU
		{737719E7-E00F-40A8-B2B1-0FF1200B39F5}.Release|Any CPU.ActiveCfg = Release|Any CPU
		{737719E7-E00F-40A8-B2B1-0FF1200B39F5}.Release|Any CPU.Build.0 = Release|Any CPU
	EndGlobalSection
	GlobalSection(SolutionProperties) = preSolution
		HideSolutionNode = FALSE
	EndGlobalSection
EndGlobal
